// !$*UTF8*$!
{
	archiveVersion = 1;
	classes = {
	};
	objectVersion = 56;
	objects = {

/* Begin PBXBuildFile section */
		6A8BEA572A36D57800A26E73 /* AppDelegate.swift in Sources */ = {isa = PBXBuildFile; fileRef = 6A8BEA562A36D57800A26E73 /* AppDelegate.swift */; };
		6A8BEA592A36D57800A26E73 /* SceneDelegate.swift in Sources */ = {isa = PBXBuildFile; fileRef = 6A8BEA582A36D57800A26E73 /* SceneDelegate.swift */; };
		6A8BEA5B2A36D57800A26E73 /* HomeViewController.swift in Sources */ = {isa = PBXBuildFile; fileRef = 6A8BEA5A2A36D57800A26E73 /* HomeViewController.swift */; };
		6A8BEA602A36D57900A26E73 /* Assets.xcassets in Resources */ = {isa = PBXBuildFile; fileRef = 6A8BEA5F2A36D57900A26E73 /* Assets.xcassets */; };
		6A8BEA632A36D57900A26E73 /* LaunchScreen.storyboard in Resources */ = {isa = PBXBuildFile; fileRef = 6A8BEA612A36D57900A26E73 /* LaunchScreen.storyboard */; };
		6A8BEA6E2A36D6F200A26E73 /* HomeView.swift in Sources */ = {isa = PBXBuildFile; fileRef = 6A8BEA6D2A36D6F200A26E73 /* HomeView.swift */; };
		6A9A64FA2A68F70400623AF1 /* User.swift in Sources */ = {isa = PBXBuildFile; fileRef = 6A9A64F92A68F70400623AF1 /* User.swift */; };
		6A9A64FC2A68FDB500623AF1 /* HomeViewModel.swift in Sources */ = {isa = PBXBuildFile; fileRef = 6A9A64FB2A68FDB500623AF1 /* HomeViewModel.swift */; };
		6A9A64FF2A68FE1000623AF1 /* NetworkManager.swift in Sources */ = {isa = PBXBuildFile; fileRef = 6A9A64FE2A68FE1000623AF1 /* NetworkManager.swift */; };
/* End PBXBuildFile section */

/* Begin PBXFileReference section */
		6A8BEA532A36D57800A26E73 /* UrlSession.app */ = {isa = PBXFileReference; explicitFileType = wrapper.application; includeInIndex = 0; path = UrlSession.app; sourceTree = BUILT_PRODUCTS_DIR; };
		6A8BEA562A36D57800A26E73 /* AppDelegate.swift */ = {isa = PBXFileReference; lastKnownFileType = sourcecode.swift; path = AppDelegate.swift; sourceTree = "<group>"; };
		6A8BEA582A36D57800A26E73 /* SceneDelegate.swift */ = {isa = PBXFileReference; lastKnownFileType = sourcecode.swift; path = SceneDelegate.swift; sourceTree = "<group>"; };
		6A8BEA5A2A36D57800A26E73 /* HomeViewController.swift */ = {isa = PBXFileReference; lastKnownFileType = sourcecode.swift; path = HomeViewController.swift; sourceTree = "<group>"; };
		6A8BEA5F2A36D57900A26E73 /* Assets.xcassets */ = {isa = PBXFileReference; lastKnownFileType = folder.assetcatalog; path = Assets.xcassets; sourceTree = "<group>"; };
		6A8BEA622A36D57900A26E73 /* Base */ = {isa = PBXFileReference; lastKnownFileType = file.storyboard; name = Base; path = Base.lproj/LaunchScreen.storyboard; sourceTree = "<group>"; };
		6A8BEA642A36D57900A26E73 /* Info.plist */ = {isa = PBXFileReference; lastKnownFileType = text.plist.xml; path = Info.plist; sourceTree = "<group>"; };
		6A8BEA6D2A36D6F200A26E73 /* HomeView.swift */ = {isa = PBXFileReference; lastKnownFileType = sourcecode.swift; path = HomeView.swift; sourceTree = "<group>"; };
		6A9A64F92A68F70400623AF1 /* User.swift */ = {isa = PBXFileReference; lastKnownFileType = sourcecode.swift; path = User.swift; sourceTree = "<group>"; };
		6A9A64FB2A68FDB500623AF1 /* HomeViewModel.swift */ = {isa = PBXFileReference; lastKnownFileType = sourcecode.swift; path = HomeViewModel.swift; sourceTree = "<group>"; };
		6A9A64FE2A68FE1000623AF1 /* NetworkManager.swift */ = {isa = PBXFileReference; lastKnownFileType = sourcecode.swift; path = NetworkManager.swift; sourceTree = "<group>"; };
/* End PBXFileReference section */

/* Begin PBXFrameworksBuildPhase section */
		6A8BEA502A36D57800A26E73 /* Frameworks */ = {
			isa = PBXFrameworksBuildPhase;
			buildActionMask = 2147483647;
			files = (
			);
			runOnlyForDeploymentPostprocessing = 0;
		};
/* End PBXFrameworksBuildPhase section */

/* Begin PBXGroup section */
		6A8BEA4A2A36D57800A26E73 = {
			isa = PBXGroup;
			children = (
				6A8BEA552A36D57800A26E73 /* UrlSession */,
				6A8BEA542A36D57800A26E73 /* Products */,
			);
			sourceTree = "<group>";
		};
		6A8BEA542A36D57800A26E73 /* Products */ = {
			isa = PBXGroup;
			children = (
				6A8BEA532A36D57800A26E73 /* UrlSession.app */,
			);
			name = Products;
			sourceTree = "<group>";
		};
		6A8BEA552A36D57800A26E73 /* UrlSession */ = {
			isa = PBXGroup;
			children = (
				6A9A64FD2A68FDFE00623AF1 /* NetworkManager */,
				6A9A64F82A68F6F400623AF1 /* Models */,
				6A8BEA6B2A36D69F00A26E73 /* Modules */,
				6A8BEA6A2A36D5DB00A26E73 /* Resources */,
				6A8BEA642A36D57900A26E73 /* Info.plist */,
			);
			path = UrlSession;
			sourceTree = "<group>";
		};
		6A8BEA6A2A36D5DB00A26E73 /* Resources */ = {
			isa = PBXGroup;
			children = (
				6A8BEA582A36D57800A26E73 /* SceneDelegate.swift */,
				6A8BEA562A36D57800A26E73 /* AppDelegate.swift */,
				6A8BEA5F2A36D57900A26E73 /* Assets.xcassets */,
				6A8BEA612A36D57900A26E73 /* LaunchScreen.storyboard */,
			);
			path = Resources;
			sourceTree = "<group>";
		};
		6A8BEA6B2A36D69F00A26E73 /* Modules */ = {
			isa = PBXGroup;
			children = (
				6A8BEA6C2A36D6BA00A26E73 /* Home */,
			);
			path = Modules;
			sourceTree = "<group>";
		};
		6A8BEA6C2A36D6BA00A26E73 /* Home */ = {
			isa = PBXGroup;
			children = (
				6A8BEA5A2A36D57800A26E73 /* HomeViewController.swift */,
				6A9A64FB2A68FDB500623AF1 /* HomeViewModel.swift */,
				6A8BEA6F2A36D73E00A26E73 /* View */,
			);
			path = Home;
			sourceTree = "<group>";
		};
		6A8BEA6F2A36D73E00A26E73 /* View */ = {
			isa = PBXGroup;
			children = (
				6A8BEA6D2A36D6F200A26E73 /* HomeView.swift */,
			);
			path = View;
			sourceTree = "<group>";
		};
		6A9A64F82A68F6F400623AF1 /* Models */ = {
			isa = PBXGroup;
			children = (
				6A9A64F92A68F70400623AF1 /* User.swift */,
			);
			path = Models;
			sourceTree = "<group>";
		};
		6A9A64FD2A68FDFE00623AF1 /* NetworkManager */ = {
			isa = PBXGroup;
			children = (
				6A9A64FE2A68FE1000623AF1 /* NetworkManager.swift */,
			);
			path = NetworkManager;
			sourceTree = "<group>";
		};
/* End PBXGroup section */

/* Begin PBXNativeTarget section */
		6A8BEA522A36D57800A26E73 /* UrlSession */ = {
			isa = PBXNativeTarget;
			buildConfigurationList = 6A8BEA672A36D57900A26E73 /* Build configuration list for PBXNativeTarget "UrlSession" */;
			buildPhases = (
				6A8BEA4F2A36D57800A26E73 /* Sources */,
				6A8BEA502A36D57800A26E73 /* Frameworks */,
				6A8BEA512A36D57800A26E73 /* Resources */,
			);
			buildRules = (
			);
			dependencies = (
			);
			name = UrlSession;
			productName = UrlSession;
			productReference = 6A8BEA532A36D57800A26E73 /* UrlSession.app */;
			productType = "com.apple.product-type.application";
		};
/* End PBXNativeTarget section */

/* Begin PBXProject section */
		6A8BEA4B2A36D57800A26E73 /* Project object */ = {
			isa = PBXProject;
			attributes = {
				BuildIndependentTargetsInParallel = 1;
				LastSwiftUpdateCheck = 1420;
				LastUpgradeCheck = 1420;
				TargetAttributes = {
					6A8BEA522A36D57800A26E73 = {
						CreatedOnToolsVersion = 14.2;
					};
				};
			};
			buildConfigurationList = 6A8BEA4E2A36D57800A26E73 /* Build configuration list for PBXProject "UrlSession" */;
			compatibilityVersion = "Xcode 14.0";
			developmentRegion = en;
			hasScannedForEncodings = 0;
			knownRegions = (
				en,
				Base,
			);
			mainGroup = 6A8BEA4A2A36D57800A26E73;
			productRefGroup = 6A8BEA542A36D57800A26E73 /* Products */;
			projectDirPath = "";
			projectRoot = "";
			targets = (
				6A8BEA522A36D57800A26E73 /* UrlSession */,
			);
		};
/* End PBXProject section */

/* Begin PBXResourcesBuildPhase section */
		6A8BEA512A36D57800A26E73 /* Resources */ = {
			isa = PBXResourcesBuildPhase;
			buildActionMask = 2147483647;
			files = (
				6A8BEA632A36D57900A26E73 /* LaunchScreen.storyboard in Resources */,
				6A8BEA602A36D57900A26E73 /* Assets.xcassets in Resources */,
			);
			runOnlyForDeploymentPostprocessing = 0;
		};
/* End PBXResourcesBuildPhase section */

/* Begin PBXSourcesBuildPhase section */
		6A8BEA4F2A36D57800A26E73 /* Sources */ = {
			isa = PBXSourcesBuildPhase;
			buildActionMask = 2147483647;
			files = (
				6A8BEA5B2A36D57800A26E73 /* HomeViewController.swift in Sources */,
				6A9A64FC2A68FDB500623AF1 /* HomeViewModel.swift in Sources */,
				6A8BEA6E2A36D6F200A26E73 /* HomeView.swift in Sources */,
				6A9A64FF2A68FE1000623AF1 /* NetworkManager.swift in Sources */,
				6A8BEA572A36D57800A26E73 /* AppDelegate.swift in Sources */,
				6A9A64FA2A68F70400623AF1 /* User.swift in Sources */,
				6A8BEA592A36D57800A26E73 /* SceneDelegate.swift in Sources */,
			);
			runOnlyForDeploymentPostprocessing = 0;
		};
/* End PBXSourcesBuildPhase section */

/* Begin PBXVariantGroup section */
		6A8BEA612A36D57900A26E73 /* LaunchScreen.storyboard */ = {
			isa = PBXVariantGroup;
			children = (
				6A8BEA622A36D57900A26E73 /* Base */,
			);
			name = LaunchScreen.storyboard;
			sourceTree = "<group>";
		};
/* End PBXVariantGroup section */

/* Begin XCBuildConfiguration section */
		6A8BEA652A36D57900A26E73 /* Debug */ = {
			isa = XCBuildConfiguration;
			buildSettings = {
				ALWAYS_SEARCH_USER_PATHS = NO;
				CLANG_ANALYZER_NONNULL = YES;
				CLANG_ANALYZER_NUMBER_OBJECT_CONVERSION = YES_AGGRESSIVE;
				CLANG_CXX_LANGUAGE_STANDARD = "gnu++20";
				CLANG_ENABLE_MODULES = YES;
				CLANG_ENABLE_OBJC_ARC = YES;
				CLANG_ENABLE_OBJC_WEAK = YES;
				CLANG_WARN_BLOCK_CAPTURE_AUTORELEASING = YES;
				CLANG_WARN_BOOL_CONVERSION = YES;
				CLANG_WARN_COMMA = YES;
				CLANG_WARN_CONSTANT_CONVERSION = YES;
				CLANG_WARN_DEPRECATED_OBJC_IMPLEMENTATIONS = YES;
				CLANG_WARN_DIRECT_OBJC_ISA_USAGE = YES_ERROR;
				CLANG_WARN_DOCUMENTATION_COMMENTS = YES;
				CLANG_WARN_EMPTY_BODY = YES;
				CLANG_WARN_ENUM_CONVERSION = YES;
				CLANG_WARN_INFINITE_RECURSION = YES;
				CLANG_WARN_INT_CONVERSION = YES;
				CLANG_WARN_NON_LITERAL_NULL_CONVERSION = YES;
				CLANG_WARN_OBJC_IMPLICIT_RETAIN_SELF = YES;
				CLANG_WARN_OBJC_LITERAL_CONVERSION = YES;
				CLANG_WARN_OBJC_ROOT_CLASS = YES_ERROR;
				CLANG_WARN_QUOTED_INCLUDE_IN_FRAMEWORK_HEADER = YES;
				CLANG_WARN_RANGE_LOOP_ANALYSIS = YES;
				CLANG_WARN_STRICT_PROTOTYPES = YES;
				CLANG_WARN_SUSPICIOUS_MOVE = YES;
				CLANG_WARN_UNGUARDED_AVAILABILITY = YES_AGGRESSIVE;
				CLANG_WARN_UNREACHABLE_CODE = YES;
				CLANG_WARN__DUPLICATE_METHOD_MATCH = YES;
				COPY_PHASE_STRIP = NO;
				DEBUG_INFORMATION_FORMAT = dwarf;
				ENABLE_STRICT_OBJC_MSGSEND = YES;
				ENABLE_TESTABILITY = YES;
				GCC_C_LANGUAGE_STANDARD = gnu11;
				GCC_DYNAMIC_NO_PIC = NO;
				GCC_NO_COMMON_BLOCKS = YES;
				GCC_OPTIMIZATION_LEVEL = 0;
				GCC_PREPROCESSOR_DEFINITIONS = (
					"DEBUG=1",
					"$(inherited)",
				);
				GCC_WARN_64_TO_32_BIT_CONVERSION = YES;
				GCC_WARN_ABOUT_RETURN_TYPE = YES_ERROR;
				GCC_WARN_UNDECLARED_SELECTOR = YES;
				GCC_WARN_UNINITIALIZED_AUTOS = YES_AGGRESSIVE;
				GCC_WARN_UNUSED_FUNCTION = YES;
				GCC_WARN_UNUSED_VARIABLE = YES;
				IPHONEOS_DEPLOYMENT_TARGET = 16.2;
				MTL_ENABLE_DEBUG_INFO = INCLUDE_SOURCE;
				MTL_FAST_MATH = YES;
				ONLY_ACTIVE_ARCH = YES;
				SDKROOT = iphoneos;
				SWIFT_ACTIVE_COMPILATION_CONDITIONS = DEBUG;
				SWIFT_OPTIMIZATION_LEVEL = "-Onone";
			};
			name = Debug;
		};
		6A8BEA662A36D57900A26E73 /* Release */ = {
			isa = XCBuildConfiguration;
			buildSettings = {
				ALWAYS_SEARCH_USER_PATHS = NO;
				CLANG_ANALYZER_NONNULL = YES;
				CLANG_ANALYZER_NUMBER_OBJECT_CONVERSION = YES_AGGRESSIVE;
				CLANG_CXX_LANGUAGE_STANDARD = "gnu++20";
				CLANG_ENABLE_MODULES = YES;
				CLANG_ENABLE_OBJC_ARC = YES;
				CLANG_ENABLE_OBJC_WEAK = YES;
				CLANG_WARN_BLOCK_CAPTURE_AUTORELEASING = YES;
				CLANG_WARN_BOOL_CONVERSION = YES;
				CLANG_WARN_COMMA = YES;
				CLANG_WARN_CONSTANT_CONVERSION = YES;
				CLANG_WARN_DEPRECATED_OBJC_IMPLEMENTATIONS = YES;
				CLANG_WARN_DIRECT_OBJC_ISA_USAGE = YES_ERROR;
				CLANG_WARN_DOCUMENTATION_COMMENTS = YES;
				CLANG_WARN_EMPTY_BODY = YES;
				CLANG_WARN_ENUM_CONVERSION = YES;
				CLANG_WARN_INFINITE_RECURSION = YES;
				CLANG_WARN_INT_CONVERSION = YES;
				CLANG_WARN_NON_LITERAL_NULL_CONVERSION = YES;
				CLANG_WARN_OBJC_IMPLICIT_RETAIN_SELF = YES;
				CLANG_WARN_OBJC_LITERAL_CONVERSION = YES;
				CLANG_WARN_OBJC_ROOT_CLASS = YES_ERROR;
				CLANG_WARN_QUOTED_INCLUDE_IN_FRAMEWORK_HEADER = YES;
				CLANG_WARN_RANGE_LOOP_ANALYSIS = YES;
				CLANG_WARN_STRICT_PROTOTYPES = YES;
				CLANG_WARN_SUSPICIOUS_MOVE = YES;
				CLANG_WARN_UNGUARDED_AVAILABILITY = YES_AGGRESSIVE;
				CLANG_WARN_UNREACHABLE_CODE = YES;
				CLANG_WARN__DUPLICATE_METHOD_MATCH = YES;
				COPY_PHASE_STRIP = NO;
				DEBUG_INFORMATION_FORMAT = "dwarf-with-dsym";
				ENABLE_NS_ASSERTIONS = NO;
				ENABLE_STRICT_OBJC_MSGSEND = YES;
				GCC_C_LANGUAGE_STANDARD = gnu11;
				GCC_NO_COMMON_BLOCKS = YES;
				GCC_WARN_64_TO_32_BIT_CONVERSION = YES;
				GCC_WARN_ABOUT_RETURN_TYPE = YES_ERROR;
				GCC_WARN_UNDECLARED_SELECTOR = YES;
				GCC_WARN_UNINITIALIZED_AUTOS = YES_AGGRESSIVE;
				GCC_WARN_UNUSED_FUNCTION = YES;
				GCC_WARN_UNUSED_VARIABLE = YES;
				IPHONEOS_DEPLOYMENT_TARGET = 16.2;
				MTL_ENABLE_DEBUG_INFO = NO;
				MTL_FAST_MATH = YES;
				SDKROOT = iphoneos;
				SWIFT_COMPILATION_MODE = wholemodule;
				SWIFT_OPTIMIZATION_LEVEL = "-O";
				VALIDATE_PRODUCT = YES;
			};
			name = Release;
		};
		6A8BEA682A36D57900A26E73 /* Debug */ = {
			isa = XCBuildConfiguration;
			buildSettings = {
				ASSETCATALOG_COMPILER_APPICON_NAME = AppIcon;
				ASSETCATALOG_COMPILER_GLOBAL_ACCENT_COLOR_NAME = AccentColor;
				CODE_SIGN_STYLE = Automatic;
				CURRENT_PROJECT_VERSION = 1;
				GENERATE_INFOPLIST_FILE = YES;
				INFOPLIST_FILE = UrlSession/Info.plist;
				INFOPLIST_KEY_UIApplicationSupportsIndirectInputEvents = YES;
				INFOPLIST_KEY_UILaunchStoryboardName = LaunchScreen;
				INFOPLIST_KEY_UISupportedInterfaceOrientations_iPad = "UIInterfaceOrientationPortrait UIInterfaceOrientationPortraitUpsideDown UIInterfaceOrientationLandscapeLeft UIInterfaceOrientationLandscapeRight";
				INFOPLIST_KEY_UISupportedInterfaceOrientations_iPhone = "UIInterfaceOrientationPortrait UIInterfaceOrientationLandscapeLeft UIInterfaceOrientationLandscapeRight";
				IPHONEOS_DEPLOYMENT_TARGET = 15.0;
				LD_RUNPATH_SEARCH_PATHS = (
					"$(inherited)",
					"@executable_path/Frameworks",
				);
				MARKETING_VERSION = 1.0;
				PRODUCT_BUNDLE_IDENTIFIER = com.EBPearls.UrlSession;
				PRODUCT_NAME = "$(TARGET_NAME)";
				SUPPORTED_PLATFORMS = "iphoneos iphonesimulator";
				SUPPORTS_MACCATALYST = NO;
				SUPPORTS_MAC_DESIGNED_FOR_IPHONE_IPAD = NO;
				SWIFT_EMIT_LOC_STRINGS = YES;
				SWIFT_VERSION = 5.0;
				TARGETED_DEVICE_FAMILY = "1,2";
			};
			name = Debug;
		};
		6A8BEA692A36D57900A26E73 /* Release */ = {
			isa = XCBuildConfiguration;
			buildSettings = {
				ASSETCATALOG_COMPILER_APPICON_NAME = AppIcon;
				ASSETCATALOG_COMPILER_GLOBAL_ACCENT_COLOR_NAME = AccentColor;
				CODE_SIGN_STYLE = Automatic;
				CURRENT_PROJECT_VERSION = 1;
				GENERATE_INFOPLIST_FILE = YES;
				INFOPLIST_FILE = UrlSession/Info.plist;
				INFOPLIST_KEY_UIApplicationSupportsIndirectInputEvents = YES;
				INFOPLIST_KEY_UILaunchStoryboardName = LaunchScreen;
				INFOPLIST_KEY_UISupportedInterfaceOrientations_iPad = "UIInterfaceOrientationPortrait UIInterfaceOrientationPortraitUpsideDown UIInterfaceOrientationLandscapeLeft UIInterfaceOrientationLandscapeRight";
				INFOPLIST_KEY_UISupportedInterfaceOrientations_iPhone = "UIInterfaceOrientationPortrait UIInterfaceOrientationLandscapeLeft UIInterfaceOrientationLandscapeRight";
				IPHONEOS_DEPLOYMENT_TARGET = 15.0;
				LD_RUNPATH_SEARCH_PATHS = (
					"$(inherited)",
					"@executable_path/Frameworks",
				);
				MARKETING_VERSION = 1.0;
				PRODUCT_BUNDLE_IDENTIFIER = com.EBPearls.UrlSession;
				PRODUCT_NAME = "$(TARGET_NAME)";
				SUPPORTED_PLATFORMS = "iphoneos iphonesimulator";
				SUPPORTS_MACCATALYST = NO;
				SUPPORTS_MAC_DESIGNED_FOR_IPHONE_IPAD = NO;
				SWIFT_EMIT_LOC_STRINGS = YES;
				SWIFT_VERSION = 5.0;
				TARGETED_DEVICE_FAMILY = "1,2";
			};
			name = Release;
		};
/* End XCBuildConfiguration section */

/* Begin XCConfigurationList section */
		6A8BEA4E2A36D57800A26E73 /* Build configuration list for PBXProject "UrlSession" */ = {
			isa = XCConfigurationList;
			buildConfigurations = (
				6A8BEA652A36D57900A26E73 /* Debug */,
				6A8BEA662A36D57900A26E73 /* Release */,
			);
			defaultConfigurationIsVisible = 0;
			defaultConfigurationName = Release;
		};
		6A8BEA672A36D57900A26E73 /* Build configuration list for PBXNativeTarget "UrlSession" */ = {
			isa = XCConfigurationList;
			buildConfigurations = (
				6A8BEA682A36D57900A26E73 /* Debug */,
				6A8BEA692A36D57900A26E73 /* Release */,
			);
			defaultConfigurationIsVisible = 0;
			defaultConfigurationName = Release;
		};
/* End XCConfigurationList section */
	};
	rootObject = 6A8BEA4B2A36D57800A26E73 /* Project object */;
}
