// !$*UTF8*$!
{
	archiveVersion = 1;
	classes = {
	};
	objectVersion = 56;
	objects = {

/* Begin PBXBuildFile section */
		6A46DB5C2A1B180500A4E1E2 /* AppDelegate.swift in Sources */ = {isa = PBXBuildFile; fileRef = 6A46DB5B2A1B180500A4E1E2 /* AppDelegate.swift */; };
		6A46DB5E2A1B180500A4E1E2 /* SceneDelegate.swift in Sources */ = {isa = PBXBuildFile; fileRef = 6A46DB5D2A1B180500A4E1E2 /* SceneDelegate.swift */; };
		6A46DB602A1B180500A4E1E2 /* HomeController.swift in Sources */ = {isa = PBXBuildFile; fileRef = 6A46DB5F2A1B180500A4E1E2 /* HomeController.swift */; };
		6A46DB632A1B180500A4E1E2 /* Main.storyboard in Resources */ = {isa = PBXBuildFile; fileRef = 6A46DB612A1B180500A4E1E2 /* Main.storyboard */; };
		6A46DB652A1B180700A4E1E2 /* Assets.xcassets in Resources */ = {isa = PBXBuildFile; fileRef = 6A46DB642A1B180700A4E1E2 /* Assets.xcassets */; };
		6A46DB682A1B180700A4E1E2 /* LaunchScreen.storyboard in Resources */ = {isa = PBXBuildFile; fileRef = 6A46DB662A1B180700A4E1E2 /* LaunchScreen.storyboard */; };
		6A46DB702A1B195A00A4E1E2 /* TabController.swift in Sources */ = {isa = PBXBuildFile; fileRef = 6A46DB6F2A1B195A00A4E1E2 /* TabController.swift */; };
		6A46DB722A1B223700A4E1E2 /* SearchController.swift in Sources */ = {isa = PBXBuildFile; fileRef = 6A46DB712A1B223700A4E1E2 /* SearchController.swift */; };
		6A46DB742A1B226700A4E1E2 /* NotificationController.swift in Sources */ = {isa = PBXBuildFile; fileRef = 6A46DB732A1B226700A4E1E2 /* NotificationController.swift */; };
		6A46DB762A1B228100A4E1E2 /* ProfileController.swift in Sources */ = {isa = PBXBuildFile; fileRef = 6A46DB752A1B228100A4E1E2 /* ProfileController.swift */; };
		6A46DB792A1B2B8800A4E1E2 /* LandingPageVC.swift in Sources */ = {isa = PBXBuildFile; fileRef = 6A46DB782A1B2B8800A4E1E2 /* LandingPageVC.swift */; };
		6A46DB7D2A1B3FA800A4E1E2 /* PageVC.swift in Sources */ = {isa = PBXBuildFile; fileRef = 6A46DB7C2A1B3FA800A4E1E2 /* PageVC.swift */; };
/* End PBXBuildFile section */

/* Begin PBXFileReference section */
		6A46DB582A1B180500A4E1E2 /* Tab-Page VC.app */ = {isa = PBXFileReference; explicitFileType = wrapper.application; includeInIndex = 0; path = "Tab-Page VC.app"; sourceTree = BUILT_PRODUCTS_DIR; };
		6A46DB5B2A1B180500A4E1E2 /* AppDelegate.swift */ = {isa = PBXFileReference; lastKnownFileType = sourcecode.swift; path = AppDelegate.swift; sourceTree = "<group>"; };
		6A46DB5D2A1B180500A4E1E2 /* SceneDelegate.swift */ = {isa = PBXFileReference; lastKnownFileType = sourcecode.swift; path = SceneDelegate.swift; sourceTree = "<group>"; };
		6A46DB5F2A1B180500A4E1E2 /* HomeController.swift */ = {isa = PBXFileReference; lastKnownFileType = sourcecode.swift; path = HomeController.swift; sourceTree = "<group>"; };
		6A46DB622A1B180500A4E1E2 /* Base */ = {isa = PBXFileReference; lastKnownFileType = file.storyboard; name = Base; path = Base.lproj/Main.storyboard; sourceTree = "<group>"; };
		6A46DB642A1B180700A4E1E2 /* Assets.xcassets */ = {isa = PBXFileReference; lastKnownFileType = folder.assetcatalog; path = Assets.xcassets; sourceTree = "<group>"; };
		6A46DB672A1B180700A4E1E2 /* Base */ = {isa = PBXFileReference; lastKnownFileType = file.storyboard; name = Base; path = Base.lproj/LaunchScreen.storyboard; sourceTree = "<group>"; };
		6A46DB692A1B180700A4E1E2 /* Info.plist */ = {isa = PBXFileReference; lastKnownFileType = text.plist.xml; path = Info.plist; sourceTree = "<group>"; };
		6A46DB6F2A1B195A00A4E1E2 /* TabController.swift */ = {isa = PBXFileReference; lastKnownFileType = sourcecode.swift; path = TabController.swift; sourceTree = "<group>"; };
		6A46DB712A1B223700A4E1E2 /* SearchController.swift */ = {isa = PBXFileReference; lastKnownFileType = sourcecode.swift; path = SearchController.swift; sourceTree = "<group>"; };
		6A46DB732A1B226700A4E1E2 /* NotificationController.swift */ = {isa = PBXFileReference; lastKnownFileType = sourcecode.swift; path = NotificationController.swift; sourceTree = "<group>"; };
		6A46DB752A1B228100A4E1E2 /* ProfileController.swift */ = {isa = PBXFileReference; lastKnownFileType = sourcecode.swift; path = ProfileController.swift; sourceTree = "<group>"; };
		6A46DB782A1B2B8800A4E1E2 /* LandingPageVC.swift */ = {isa = PBXFileReference; lastKnownFileType = sourcecode.swift; path = LandingPageVC.swift; sourceTree = "<group>"; };
		6A46DB7C2A1B3FA800A4E1E2 /* PageVC.swift */ = {isa = PBXFileReference; lastKnownFileType = sourcecode.swift; name = PageVC.swift; path = ../../PageVC.swift; sourceTree = "<group>"; };
/* End PBXFileReference section */

/* Begin PBXFrameworksBuildPhase section */
		6A46DB552A1B180500A4E1E2 /* Frameworks */ = {
			isa = PBXFrameworksBuildPhase;
			buildActionMask = 2147483647;
			files = (
			);
			runOnlyForDeploymentPostprocessing = 0;
		};
/* End PBXFrameworksBuildPhase section */

/* Begin PBXGroup section */
		6A46DB4F2A1B180500A4E1E2 = {
			isa = PBXGroup;
			children = (
				6A46DB5A2A1B180500A4E1E2 /* Tab-Page VC */,
				6A46DB592A1B180500A4E1E2 /* Products */,
			);
			sourceTree = "<group>";
		};
		6A46DB592A1B180500A4E1E2 /* Products */ = {
			isa = PBXGroup;
			children = (
				6A46DB582A1B180500A4E1E2 /* Tab-Page VC.app */,
			);
			name = Products;
			sourceTree = "<group>";
		};
		6A46DB5A2A1B180500A4E1E2 /* Tab-Page VC */ = {
			isa = PBXGroup;
			children = (
				6A46DB5B2A1B180500A4E1E2 /* AppDelegate.swift */,
				6A46DB5D2A1B180500A4E1E2 /* SceneDelegate.swift */,
				6A46DB612A1B180500A4E1E2 /* Main.storyboard */,
				6A46DB642A1B180700A4E1E2 /* Assets.xcassets */,
				6A46DB662A1B180700A4E1E2 /* LaunchScreen.storyboard */,
				6A46DB692A1B180700A4E1E2 /* Info.plist */,
				6A46DB772A1B228300A4E1E2 /* TTab */,
			);
			path = "Tab-Page VC";
			sourceTree = "<group>";
		};
		6A46DB772A1B228300A4E1E2 /* TTab */ = {
			isa = PBXGroup;
			children = (
				6A46DB782A1B2B8800A4E1E2 /* LandingPageVC.swift */,
				6A46DB6F2A1B195A00A4E1E2 /* TabController.swift */,
				6A46DB5F2A1B180500A4E1E2 /* HomeController.swift */,
				6A46DB712A1B223700A4E1E2 /* SearchController.swift */,
				6A46DB732A1B226700A4E1E2 /* NotificationController.swift */,
				6A46DB752A1B228100A4E1E2 /* ProfileController.swift */,
				6A46DB7C2A1B3FA800A4E1E2 /* PageVC.swift */,
			);
			path = TTab;
			sourceTree = "<group>";
		};
/* End PBXGroup section */

/* Begin PBXNativeTarget section */
		6A46DB572A1B180500A4E1E2 /* Tab-Page VC */ = {
			isa = PBXNativeTarget;
			buildConfigurationList = 6A46DB6C2A1B180700A4E1E2 /* Build configuration list for PBXNativeTarget "Tab-Page VC" */;
			buildPhases = (
				6A46DB542A1B180500A4E1E2 /* Sources */,
				6A46DB552A1B180500A4E1E2 /* Frameworks */,
				6A46DB562A1B180500A4E1E2 /* Resources */,
			);
			buildRules = (
			);
			dependencies = (
			);
			name = "Tab-Page VC";
			productName = "Tab-Page VC";
			productReference = 6A46DB582A1B180500A4E1E2 /* Tab-Page VC.app */;
			productType = "com.apple.product-type.application";
		};
/* End PBXNativeTarget section */

/* Begin PBXProject section */
		6A46DB502A1B180500A4E1E2 /* Project object */ = {
			isa = PBXProject;
			attributes = {
				BuildIndependentTargetsInParallel = 1;
				LastSwiftUpdateCheck = 1420;
				LastUpgradeCheck = 1420;
				TargetAttributes = {
					6A46DB572A1B180500A4E1E2 = {
						CreatedOnToolsVersion = 14.2;
					};
				};
			};
			buildConfigurationList = 6A46DB532A1B180500A4E1E2 /* Build configuration list for PBXProject "Tab-Page VC" */;
			compatibilityVersion = "Xcode 14.0";
			developmentRegion = en;
			hasScannedForEncodings = 0;
			knownRegions = (
				en,
				Base,
			);
			mainGroup = 6A46DB4F2A1B180500A4E1E2;
			productRefGroup = 6A46DB592A1B180500A4E1E2 /* Products */;
			projectDirPath = "";
			projectRoot = "";
			targets = (
				6A46DB572A1B180500A4E1E2 /* Tab-Page VC */,
			);
		};
/* End PBXProject section */

/* Begin PBXResourcesBuildPhase section */
		6A46DB562A1B180500A4E1E2 /* Resources */ = {
			isa = PBXResourcesBuildPhase;
			buildActionMask = 2147483647;
			files = (
				6A46DB682A1B180700A4E1E2 /* LaunchScreen.storyboard in Resources */,
				6A46DB652A1B180700A4E1E2 /* Assets.xcassets in Resources */,
				6A46DB632A1B180500A4E1E2 /* Main.storyboard in Resources */,
			);
			runOnlyForDeploymentPostprocessing = 0;
		};
/* End PBXResourcesBuildPhase section */

/* Begin PBXSourcesBuildPhase section */
		6A46DB542A1B180500A4E1E2 /* Sources */ = {
			isa = PBXSourcesBuildPhase;
			buildActionMask = 2147483647;
			files = (
				6A46DB762A1B228100A4E1E2 /* ProfileController.swift in Sources */,
				6A46DB7D2A1B3FA800A4E1E2 /* PageVC.swift in Sources */,
				6A46DB792A1B2B8800A4E1E2 /* LandingPageVC.swift in Sources */,
				6A46DB742A1B226700A4E1E2 /* NotificationController.swift in Sources */,
				6A46DB602A1B180500A4E1E2 /* HomeController.swift in Sources */,
				6A46DB722A1B223700A4E1E2 /* SearchController.swift in Sources */,
				6A46DB702A1B195A00A4E1E2 /* TabController.swift in Sources */,
				6A46DB5C2A1B180500A4E1E2 /* AppDelegate.swift in Sources */,
				6A46DB5E2A1B180500A4E1E2 /* SceneDelegate.swift in Sources */,
			);
			runOnlyForDeploymentPostprocessing = 0;
		};
/* End PBXSourcesBuildPhase section */

/* Begin PBXVariantGroup section */
		6A46DB612A1B180500A4E1E2 /* Main.storyboard */ = {
			isa = PBXVariantGroup;
			children = (
				6A46DB622A1B180500A4E1E2 /* Base */,
			);
			name = Main.storyboard;
			sourceTree = "<group>";
		};
		6A46DB662A1B180700A4E1E2 /* LaunchScreen.storyboard */ = {
			isa = PBXVariantGroup;
			children = (
				6A46DB672A1B180700A4E1E2 /* Base */,
			);
			name = LaunchScreen.storyboard;
			sourceTree = "<group>";
		};
/* End PBXVariantGroup section */

/* Begin XCBuildConfiguration section */
		6A46DB6A2A1B180700A4E1E2 /* Debug */ = {
			isa = XCBuildConfiguration;
			buildSettings = {
				ALWAYS_SEARCH_USER_PATHS = NO;
				CLANG_ANALYZER_NONNULL = YES;
				CLANG_ANALYZER_NUMBER_OBJECT_CONVERSION = YES_AGGRESSIVE;
				CLANG_CXX_LANGUAGE_STANDARD = "gnu++20";
				CLANG_ENABLE_MODULES = YES;
				CLANG_ENABLE_OBJC_ARC = YES;
				CLANG_ENABLE_OBJC_WEAK = YES;
				CLANG_WARN_BLOCK_CAPTURE_AUTORELEASING = YES;
				CLANG_WARN_BOOL_CONVERSION = YES;
				CLANG_WARN_COMMA = YES;
				CLANG_WARN_CONSTANT_CONVERSION = YES;
				CLANG_WARN_DEPRECATED_OBJC_IMPLEMENTATIONS = YES;
				CLANG_WARN_DIRECT_OBJC_ISA_USAGE = YES_ERROR;
				CLANG_WARN_DOCUMENTATION_COMMENTS = YES;
				CLANG_WARN_EMPTY_BODY = YES;
				CLANG_WARN_ENUM_CONVERSION = YES;
				CLANG_WARN_INFINITE_RECURSION = YES;
				CLANG_WARN_INT_CONVERSION = YES;
				CLANG_WARN_NON_LITERAL_NULL_CONVERSION = YES;
				CLANG_WARN_OBJC_IMPLICIT_RETAIN_SELF = YES;
				CLANG_WARN_OBJC_LITERAL_CONVERSION = YES;
				CLANG_WARN_OBJC_ROOT_CLASS = YES_ERROR;
				CLANG_WARN_QUOTED_INCLUDE_IN_FRAMEWORK_HEADER = YES;
				CLANG_WARN_RANGE_LOOP_ANALYSIS = YES;
				CLANG_WARN_STRICT_PROTOTYPES = YES;
				CLANG_WARN_SUSPICIOUS_MOVE = YES;
				CLANG_WARN_UNGUARDED_AVAILABILITY = YES_AGGRESSIVE;
				CLANG_WARN_UNREACHABLE_CODE = YES;
				CLANG_WARN__DUPLICATE_METHOD_MATCH = YES;
				COPY_PHASE_STRIP = NO;
				DEBUG_INFORMATION_FORMAT = dwarf;
				ENABLE_STRICT_OBJC_MSGSEND = YES;
				ENABLE_TESTABILITY = YES;
				GCC_C_LANGUAGE_STANDARD = gnu11;
				GCC_DYNAMIC_NO_PIC = NO;
				GCC_NO_COMMON_BLOCKS = YES;
				GCC_OPTIMIZATION_LEVEL = 0;
				GCC_PREPROCESSOR_DEFINITIONS = (
					"DEBUG=1",
					"$(inherited)",
				);
				GCC_WARN_64_TO_32_BIT_CONVERSION = YES;
				GCC_WARN_ABOUT_RETURN_TYPE = YES_ERROR;
				GCC_WARN_UNDECLARED_SELECTOR = YES;
				GCC_WARN_UNINITIALIZED_AUTOS = YES_AGGRESSIVE;
				GCC_WARN_UNUSED_FUNCTION = YES;
				GCC_WARN_UNUSED_VARIABLE = YES;
				IPHONEOS_DEPLOYMENT_TARGET = 16.2;
				MTL_ENABLE_DEBUG_INFO = INCLUDE_SOURCE;
				MTL_FAST_MATH = YES;
				ONLY_ACTIVE_ARCH = YES;
				SDKROOT = iphoneos;
				SWIFT_ACTIVE_COMPILATION_CONDITIONS = DEBUG;
				SWIFT_OPTIMIZATION_LEVEL = "-Onone";
			};
			name = Debug;
		};
		6A46DB6B2A1B180700A4E1E2 /* Release */ = {
			isa = XCBuildConfiguration;
			buildSettings = {
				ALWAYS_SEARCH_USER_PATHS = NO;
				CLANG_ANALYZER_NONNULL = YES;
				CLANG_ANALYZER_NUMBER_OBJECT_CONVERSION = YES_AGGRESSIVE;
				CLANG_CXX_LANGUAGE_STANDARD = "gnu++20";
				CLANG_ENABLE_MODULES = YES;
				CLANG_ENABLE_OBJC_ARC = YES;
				CLANG_ENABLE_OBJC_WEAK = YES;
				CLANG_WARN_BLOCK_CAPTURE_AUTORELEASING = YES;
				CLANG_WARN_BOOL_CONVERSION = YES;
				CLANG_WARN_COMMA = YES;
				CLANG_WARN_CONSTANT_CONVERSION = YES;
				CLANG_WARN_DEPRECATED_OBJC_IMPLEMENTATIONS = YES;
				CLANG_WARN_DIRECT_OBJC_ISA_USAGE = YES_ERROR;
				CLANG_WARN_DOCUMENTATION_COMMENTS = YES;
				CLANG_WARN_EMPTY_BODY = YES;
				CLANG_WARN_ENUM_CONVERSION = YES;
				CLANG_WARN_INFINITE_RECURSION = YES;
				CLANG_WARN_INT_CONVERSION = YES;
				CLANG_WARN_NON_LITERAL_NULL_CONVERSION = YES;
				CLANG_WARN_OBJC_IMPLICIT_RETAIN_SELF = YES;
				CLANG_WARN_OBJC_LITERAL_CONVERSION = YES;
				CLANG_WARN_OBJC_ROOT_CLASS = YES_ERROR;
				CLANG_WARN_QUOTED_INCLUDE_IN_FRAMEWORK_HEADER = YES;
				CLANG_WARN_RANGE_LOOP_ANALYSIS = YES;
				CLANG_WARN_STRICT_PROTOTYPES = YES;
				CLANG_WARN_SUSPICIOUS_MOVE = YES;
				CLANG_WARN_UNGUARDED_AVAILABILITY = YES_AGGRESSIVE;
				CLANG_WARN_UNREACHABLE_CODE = YES;
				CLANG_WARN__DUPLICATE_METHOD_MATCH = YES;
				COPY_PHASE_STRIP = NO;
				DEBUG_INFORMATION_FORMAT = "dwarf-with-dsym";
				ENABLE_NS_ASSERTIONS = NO;
				ENABLE_STRICT_OBJC_MSGSEND = YES;
				GCC_C_LANGUAGE_STANDARD = gnu11;
				GCC_NO_COMMON_BLOCKS = YES;
				GCC_WARN_64_TO_32_BIT_CONVERSION = YES;
				GCC_WARN_ABOUT_RETURN_TYPE = YES_ERROR;
				GCC_WARN_UNDECLARED_SELECTOR = YES;
				GCC_WARN_UNINITIALIZED_AUTOS = YES_AGGRESSIVE;
				GCC_WARN_UNUSED_FUNCTION = YES;
				GCC_WARN_UNUSED_VARIABLE = YES;
				IPHONEOS_DEPLOYMENT_TARGET = 16.2;
				MTL_ENABLE_DEBUG_INFO = NO;
				MTL_FAST_MATH = YES;
				SDKROOT = iphoneos;
				SWIFT_COMPILATION_MODE = wholemodule;
				SWIFT_OPTIMIZATION_LEVEL = "-O";
				VALIDATE_PRODUCT = YES;
			};
			name = Release;
		};
		6A46DB6D2A1B180700A4E1E2 /* Debug */ = {
			isa = XCBuildConfiguration;
			buildSettings = {
				ASSETCATALOG_COMPILER_APPICON_NAME = AppIcon;
				ASSETCATALOG_COMPILER_GLOBAL_ACCENT_COLOR_NAME = AccentColor;
				CODE_SIGN_STYLE = Automatic;
				CURRENT_PROJECT_VERSION = 1;
				GENERATE_INFOPLIST_FILE = YES;
				INFOPLIST_FILE = "Tab-Page VC/Info.plist";
				INFOPLIST_KEY_UIApplicationSupportsIndirectInputEvents = YES;
				INFOPLIST_KEY_UILaunchStoryboardName = LaunchScreen;
				INFOPLIST_KEY_UIMainStoryboardFile = Main;
				INFOPLIST_KEY_UISupportedInterfaceOrientations_iPad = "UIInterfaceOrientationPortrait UIInterfaceOrientationPortraitUpsideDown UIInterfaceOrientationLandscapeLeft UIInterfaceOrientationLandscapeRight";
				INFOPLIST_KEY_UISupportedInterfaceOrientations_iPhone = "UIInterfaceOrientationPortrait UIInterfaceOrientationLandscapeLeft UIInterfaceOrientationLandscapeRight";
				LD_RUNPATH_SEARCH_PATHS = (
					"$(inherited)",
					"@executable_path/Frameworks",
				);
				MARKETING_VERSION = 1.0;
				PRODUCT_BUNDLE_IDENTIFIER = "com.EBPearls.Tab-Page-VC";
				PRODUCT_NAME = "$(TARGET_NAME)";
				SUPPORTED_PLATFORMS = "iphoneos iphonesimulator";
				SUPPORTS_MACCATALYST = NO;
				SUPPORTS_MAC_DESIGNED_FOR_IPHONE_IPAD = NO;
				SWIFT_EMIT_LOC_STRINGS = YES;
				SWIFT_VERSION = 5.0;
				TARGETED_DEVICE_FAMILY = "1,2";
			};
			name = Debug;
		};
		6A46DB6E2A1B180700A4E1E2 /* Release */ = {
			isa = XCBuildConfiguration;
			buildSettings = {
				ASSETCATALOG_COMPILER_APPICON_NAME = AppIcon;
				ASSETCATALOG_COMPILER_GLOBAL_ACCENT_COLOR_NAME = AccentColor;
				CODE_SIGN_STYLE = Automatic;
				CURRENT_PROJECT_VERSION = 1;
				GENERATE_INFOPLIST_FILE = YES;
				INFOPLIST_FILE = "Tab-Page VC/Info.plist";
				INFOPLIST_KEY_UIApplicationSupportsIndirectInputEvents = YES;
				INFOPLIST_KEY_UILaunchStoryboardName = LaunchScreen;
				INFOPLIST_KEY_UIMainStoryboardFile = Main;
				INFOPLIST_KEY_UISupportedInterfaceOrientations_iPad = "UIInterfaceOrientationPortrait UIInterfaceOrientationPortraitUpsideDown UIInterfaceOrientationLandscapeLeft UIInterfaceOrientationLandscapeRight";
				INFOPLIST_KEY_UISupportedInterfaceOrientations_iPhone = "UIInterfaceOrientationPortrait UIInterfaceOrientationLandscapeLeft UIInterfaceOrientationLandscapeRight";
				LD_RUNPATH_SEARCH_PATHS = (
					"$(inherited)",
					"@executable_path/Frameworks",
				);
				MARKETING_VERSION = 1.0;
				PRODUCT_BUNDLE_IDENTIFIER = "com.EBPearls.Tab-Page-VC";
				PRODUCT_NAME = "$(TARGET_NAME)";
				SUPPORTED_PLATFORMS = "iphoneos iphonesimulator";
				SUPPORTS_MACCATALYST = NO;
				SUPPORTS_MAC_DESIGNED_FOR_IPHONE_IPAD = NO;
				SWIFT_EMIT_LOC_STRINGS = YES;
				SWIFT_VERSION = 5.0;
				TARGETED_DEVICE_FAMILY = "1,2";
			};
			name = Release;
		};
/* End XCBuildConfiguration section */

/* Begin XCConfigurationList section */
		6A46DB532A1B180500A4E1E2 /* Build configuration list for PBXProject "Tab-Page VC" */ = {
			isa = XCConfigurationList;
			buildConfigurations = (
				6A46DB6A2A1B180700A4E1E2 /* Debug */,
				6A46DB6B2A1B180700A4E1E2 /* Release */,
			);
			defaultConfigurationIsVisible = 0;
			defaultConfigurationName = Release;
		};
		6A46DB6C2A1B180700A4E1E2 /* Build configuration list for PBXNativeTarget "Tab-Page VC" */ = {
			isa = XCConfigurationList;
			buildConfigurations = (
				6A46DB6D2A1B180700A4E1E2 /* Debug */,
				6A46DB6E2A1B180700A4E1E2 /* Release */,
			);
			defaultConfigurationIsVisible = 0;
			defaultConfigurationName = Release;
		};
/* End XCConfigurationList section */
	};
	rootObject = 6A46DB502A1B180500A4E1E2 /* Project object */;
}
