// !$*UTF8*$!
{
	archiveVersion = 1;
	classes = {
	};
	objectVersion = 56;
	objects = {

/* Begin PBXBuildFile section */
		6A477E392A6F83F1008F1909 /* StacksBasics.swift in Sources */ = {isa = PBXBuildFile; fileRef = 6A477E382A6F83F1008F1909 /* StacksBasics.swift */; };
		6A477E3B2A6F975B008F1909 /* PaddingBasics.swift in Sources */ = {isa = PBXBuildFile; fileRef = 6A477E3A2A6F975B008F1909 /* PaddingBasics.swift */; };
		6A477E3D2A6F9BD1008F1909 /* SpacerBasics.swift in Sources */ = {isa = PBXBuildFile; fileRef = 6A477E3C2A6F9BD1008F1909 /* SpacerBasics.swift */; };
		6A477E3F2A6FC102008F1909 /* InitilizerBasics.swift in Sources */ = {isa = PBXBuildFile; fileRef = 6A477E3E2A6FC102008F1909 /* InitilizerBasics.swift */; };
		6A477E412A6FD1F0008F1909 /* ScrollBasics.swift in Sources */ = {isa = PBXBuildFile; fileRef = 6A477E402A6FD1F0008F1909 /* ScrollBasics.swift */; };
		6A477E432A6FDDCB008F1909 /* GridViewBasics.swift in Sources */ = {isa = PBXBuildFile; fileRef = 6A477E422A6FDDCB008F1909 /* GridViewBasics.swift */; };
		6A600AB72A6E317700DA4057 /* SwiftUIBasicsApp.swift in Sources */ = {isa = PBXBuildFile; fileRef = 6A600AB62A6E317700DA4057 /* SwiftUIBasicsApp.swift */; };
		6A600AB92A6E317700DA4057 /* ContentView.swift in Sources */ = {isa = PBXBuildFile; fileRef = 6A600AB82A6E317700DA4057 /* ContentView.swift */; };
		6A600ABB2A6E317900DA4057 /* Assets.xcassets in Resources */ = {isa = PBXBuildFile; fileRef = 6A600ABA2A6E317900DA4057 /* Assets.xcassets */; };
		6A600ABE2A6E317900DA4057 /* Preview Assets.xcassets in Resources */ = {isa = PBXBuildFile; fileRef = 6A600ABD2A6E317900DA4057 /* Preview Assets.xcassets */; };
		6A600AC52A6E3B9E00DA4057 /* Shapes.swift in Sources */ = {isa = PBXBuildFile; fileRef = 6A600AC42A6E3B9E00DA4057 /* Shapes.swift */; };
		6A600AC72A6E3FFB00DA4057 /* Colors.swift in Sources */ = {isa = PBXBuildFile; fileRef = 6A600AC62A6E3FFB00DA4057 /* Colors.swift */; };
		6A600AC92A6E4B0900DA4057 /* GradientColor.swift in Sources */ = {isa = PBXBuildFile; fileRef = 6A600AC82A6E4B0900DA4057 /* GradientColor.swift */; };
		6A600ACB2A6E698100DA4057 /* Icons.swift in Sources */ = {isa = PBXBuildFile; fileRef = 6A600ACA2A6E698100DA4057 /* Icons.swift */; };
		6A600ACD2A6E71CB00DA4057 /* ImagesAdd.swift in Sources */ = {isa = PBXBuildFile; fileRef = 6A600ACC2A6E71CB00DA4057 /* ImagesAdd.swift */; };
		6A600ACF2A6E7FFB00DA4057 /* FramesBasics.swift in Sources */ = {isa = PBXBuildFile; fileRef = 6A600ACE2A6E7FFB00DA4057 /* FramesBasics.swift */; };
		6A600AD12A6E881700DA4057 /* BackgroundAndOverlay.swift in Sources */ = {isa = PBXBuildFile; fileRef = 6A600AD02A6E881700DA4057 /* BackgroundAndOverlay.swift */; };
		6A6B2D822A77671700971502 /* AppStorageBasics.swift in Sources */ = {isa = PBXBuildFile; fileRef = 6A6B2D812A77671700971502 /* AppStorageBasics.swift */; };
		6A6B2D852A776DC000971502 /* IntroView.swift in Sources */ = {isa = PBXBuildFile; fileRef = 6A6B2D842A776DC000971502 /* IntroView.swift */; };
		6A6B2D882A776FB500971502 /* OnBoardingView.swift in Sources */ = {isa = PBXBuildFile; fileRef = 6A6B2D872A776FB500971502 /* OnBoardingView.swift */; };
		6A6B2D8A2A77700100971502 /* ProfileView.swift in Sources */ = {isa = PBXBuildFile; fileRef = 6A6B2D892A77700100971502 /* ProfileView.swift */; };
		6A6B2D8C2A77C68F00971502 /* FocusModeBasics.swift in Sources */ = {isa = PBXBuildFile; fileRef = 6A6B2D8B2A77C68F00971502 /* FocusModeBasics.swift */; };
		6A7C52002A7224450045F0F0 /* AnimationTimingBasics.swift in Sources */ = {isa = PBXBuildFile; fileRef = 6A7C51FF2A7224450045F0F0 /* AnimationTimingBasics.swift */; };
		6A7C52022A722A4A0045F0F0 /* TransitionBasics.swift in Sources */ = {isa = PBXBuildFile; fileRef = 6A7C52012A722A4A0045F0F0 /* TransitionBasics.swift */; };
		6A7C52042A7239CC0045F0F0 /* SheetsBasics.swift in Sources */ = {isa = PBXBuildFile; fileRef = 6A7C52032A7239CC0045F0F0 /* SheetsBasics.swift */; };
		6A7C52062A725E1E0045F0F0 /* NavigationBasics.swift in Sources */ = {isa = PBXBuildFile; fileRef = 6A7C52052A725E1E0045F0F0 /* NavigationBasics.swift */; };
		6A7C52082A7265930045F0F0 /* AlertBasics.swift in Sources */ = {isa = PBXBuildFile; fileRef = 6A7C52072A7265930045F0F0 /* AlertBasics.swift */; };
		6A9174E62A737527006A3D71 /* TabViewBasics.swift in Sources */ = {isa = PBXBuildFile; fileRef = 6A9174E52A737527006A3D71 /* TabViewBasics.swift */; };
		6A9174E82A7393D3006A3D71 /* ObservableObjectsBasics.swift in Sources */ = {isa = PBXBuildFile; fileRef = 6A9174E72A7393D3006A3D71 /* ObservableObjectsBasics.swift */; };
		6A9174EA2A73BF2E006A3D71 /* EnvironmentObjectBasics.swift in Sources */ = {isa = PBXBuildFile; fileRef = 6A9174E92A73BF2E006A3D71 /* EnvironmentObjectBasics.swift */; };
		6ACE6F4A2A78BF9E0012E151 /* ViewModifiersAdv.swift in Sources */ = {isa = PBXBuildFile; fileRef = 6ACE6F492A78BF9E0012E151 /* ViewModifiersAdv.swift */; };
		6ACE6F4C2A78FBAF0012E151 /* ViewBuildersAdv.swift in Sources */ = {isa = PBXBuildFile; fileRef = 6ACE6F4B2A78FBAF0012E151 /* ViewBuildersAdv.swift */; };
		6ACE6F522A791B1B0012E151 /* LandingPage.swift in Sources */ = {isa = PBXBuildFile; fileRef = 6ACE6F512A791B1B0012E151 /* LandingPage.swift */; };
		6AD0F2D52A7A057B00CCF913 /* ProfileHome.swift in Sources */ = {isa = PBXBuildFile; fileRef = 6AD0F2D42A7A057B00CCF913 /* ProfileHome.swift */; };
		6AD0F2D72A7A082600CCF913 /* SignupView.swift in Sources */ = {isa = PBXBuildFile; fileRef = 6AD0F2D62A7A082600CCF913 /* SignupView.swift */; };
		6AD0F2D92A7A134500CCF913 /* User.swift in Sources */ = {isa = PBXBuildFile; fileRef = 6AD0F2D82A7A134500CCF913 /* User.swift */; };
		6AD0F2DB2A7A16C600CCF913 /* View+Extensions.swift in Sources */ = {isa = PBXBuildFile; fileRef = 6AD0F2DA2A7A16C600CCF913 /* View+Extensions.swift */; };
		6AD0F2DD2A7A1CF900CCF913 /* SignupViewModel.swift in Sources */ = {isa = PBXBuildFile; fileRef = 6AD0F2DC2A7A1CF900CCF913 /* SignupViewModel.swift */; };
		6AD0F2E02A7A224E00CCF913 /* SnackBar.swift in Sources */ = {isa = PBXBuildFile; fileRef = 6AD0F2DF2A7A224E00CCF913 /* SnackBar.swift */; };
		6AD0F2E22A7A4F7B00CCF913 /* PopUpMenu.swift in Sources */ = {isa = PBXBuildFile; fileRef = 6AD0F2E12A7A4F7B00CCF913 /* PopUpMenu.swift */; };
		6AD0F2E52A7A554800CCF913 /* Apollo in Frameworks */ = {isa = PBXBuildFile; productRef = 6AD0F2E42A7A554800CCF913 /* Apollo */; };
		6AD0F2E92A7A592F00CCF913 /* Query.graphql in Resources */ = {isa = PBXBuildFile; fileRef = 6AD0F2E82A7A592F00CCF913 /* Query.graphql */; };
		6AD0F2ED2A7A5DCF00CCF913 /* BaralAPI in Frameworks */ = {isa = PBXBuildFile; productRef = 6AD0F2EC2A7A5DCF00CCF913 /* BaralAPI */; };
		6AD0F2EF2A7A5E1E00CCF913 /* NetworkManager.swift in Sources */ = {isa = PBXBuildFile; fileRef = 6AD0F2EE2A7A5E1E00CCF913 /* NetworkManager.swift */; };
		6AD0F2F12A7A70D400CCF913 /* SignInViewModel.swift in Sources */ = {isa = PBXBuildFile; fileRef = 6AD0F2F02A7A70D400CCF913 /* SignInViewModel.swift */; };
		6AE074562A70CAB90008E14F /* SafeAreaBasics.swift in Sources */ = {isa = PBXBuildFile; fileRef = 6AE074552A70CAB90008E14F /* SafeAreaBasics.swift */; };
		6AE074582A70D5DE0008E14F /* ButtonsBasics.swift in Sources */ = {isa = PBXBuildFile; fileRef = 6AE074572A70D5DE0008E14F /* ButtonsBasics.swift */; };
		6AE0745A2A70E15C0008E14F /* StateBasics.swift in Sources */ = {isa = PBXBuildFile; fileRef = 6AE074592A70E15C0008E14F /* StateBasics.swift */; };
		6AE0745C2A70E5AA0008E14F /* ExtractedFunctionsBasics.swift in Sources */ = {isa = PBXBuildFile; fileRef = 6AE0745B2A70E5AA0008E14F /* ExtractedFunctionsBasics.swift */; };
		6AE0745E2A70E99C0008E14F /* SubViewsBasics.swift in Sources */ = {isa = PBXBuildFile; fileRef = 6AE0745D2A70E99C0008E14F /* SubViewsBasics.swift */; };
		6AE074602A70EF730008E14F /* BindingBasics.swift in Sources */ = {isa = PBXBuildFile; fileRef = 6AE0745F2A70EF730008E14F /* BindingBasics.swift */; };
		6AE074622A710C050008E14F /* ListTask.swift in Sources */ = {isa = PBXBuildFile; fileRef = 6AE074612A710C050008E14F /* ListTask.swift */; };
		6AE074642A712F460008E14F /* AnimationBasics.swift in Sources */ = {isa = PBXBuildFile; fileRef = 6AE074632A712F460008E14F /* AnimationBasics.swift */; };
/* End PBXBuildFile section */

/* Begin PBXFileReference section */
		6A477E382A6F83F1008F1909 /* StacksBasics.swift */ = {isa = PBXFileReference; lastKnownFileType = sourcecode.swift; path = StacksBasics.swift; sourceTree = "<group>"; };
		6A477E3A2A6F975B008F1909 /* PaddingBasics.swift */ = {isa = PBXFileReference; lastKnownFileType = sourcecode.swift; path = PaddingBasics.swift; sourceTree = "<group>"; };
		6A477E3C2A6F9BD1008F1909 /* SpacerBasics.swift */ = {isa = PBXFileReference; lastKnownFileType = sourcecode.swift; path = SpacerBasics.swift; sourceTree = "<group>"; };
		6A477E3E2A6FC102008F1909 /* InitilizerBasics.swift */ = {isa = PBXFileReference; lastKnownFileType = sourcecode.swift; path = InitilizerBasics.swift; sourceTree = "<group>"; };
		6A477E402A6FD1F0008F1909 /* ScrollBasics.swift */ = {isa = PBXFileReference; lastKnownFileType = sourcecode.swift; path = ScrollBasics.swift; sourceTree = "<group>"; };
		6A477E422A6FDDCB008F1909 /* GridViewBasics.swift */ = {isa = PBXFileReference; lastKnownFileType = sourcecode.swift; path = GridViewBasics.swift; sourceTree = "<group>"; };
		6A600AB32A6E317700DA4057 /* SwiftUIBasics.app */ = {isa = PBXFileReference; explicitFileType = wrapper.application; includeInIndex = 0; path = SwiftUIBasics.app; sourceTree = BUILT_PRODUCTS_DIR; };
		6A600AB62A6E317700DA4057 /* SwiftUIBasicsApp.swift */ = {isa = PBXFileReference; lastKnownFileType = sourcecode.swift; path = SwiftUIBasicsApp.swift; sourceTree = "<group>"; };
		6A600AB82A6E317700DA4057 /* ContentView.swift */ = {isa = PBXFileReference; lastKnownFileType = sourcecode.swift; path = ContentView.swift; sourceTree = "<group>"; };
		6A600ABA2A6E317900DA4057 /* Assets.xcassets */ = {isa = PBXFileReference; lastKnownFileType = folder.assetcatalog; path = Assets.xcassets; sourceTree = "<group>"; };
		6A600ABD2A6E317900DA4057 /* Preview Assets.xcassets */ = {isa = PBXFileReference; lastKnownFileType = folder.assetcatalog; path = "Preview Assets.xcassets"; sourceTree = "<group>"; };
		6A600AC42A6E3B9E00DA4057 /* Shapes.swift */ = {isa = PBXFileReference; lastKnownFileType = sourcecode.swift; path = Shapes.swift; sourceTree = "<group>"; };
		6A600AC62A6E3FFB00DA4057 /* Colors.swift */ = {isa = PBXFileReference; lastKnownFileType = sourcecode.swift; path = Colors.swift; sourceTree = "<group>"; };
		6A600AC82A6E4B0900DA4057 /* GradientColor.swift */ = {isa = PBXFileReference; lastKnownFileType = sourcecode.swift; path = GradientColor.swift; sourceTree = "<group>"; };
		6A600ACA2A6E698100DA4057 /* Icons.swift */ = {isa = PBXFileReference; lastKnownFileType = sourcecode.swift; path = Icons.swift; sourceTree = "<group>"; };
		6A600ACC2A6E71CB00DA4057 /* ImagesAdd.swift */ = {isa = PBXFileReference; lastKnownFileType = sourcecode.swift; path = ImagesAdd.swift; sourceTree = "<group>"; };
		6A600ACE2A6E7FFB00DA4057 /* FramesBasics.swift */ = {isa = PBXFileReference; lastKnownFileType = sourcecode.swift; path = FramesBasics.swift; sourceTree = "<group>"; };
		6A600AD02A6E881700DA4057 /* BackgroundAndOverlay.swift */ = {isa = PBXFileReference; lastKnownFileType = sourcecode.swift; path = BackgroundAndOverlay.swift; sourceTree = "<group>"; };
		6A6B2D812A77671700971502 /* AppStorageBasics.swift */ = {isa = PBXFileReference; lastKnownFileType = sourcecode.swift; path = AppStorageBasics.swift; sourceTree = "<group>"; };
		6A6B2D842A776DC000971502 /* IntroView.swift */ = {isa = PBXFileReference; lastKnownFileType = sourcecode.swift; path = IntroView.swift; sourceTree = "<group>"; };
		6A6B2D872A776FB500971502 /* OnBoardingView.swift */ = {isa = PBXFileReference; lastKnownFileType = sourcecode.swift; path = OnBoardingView.swift; sourceTree = "<group>"; };
		6A6B2D892A77700100971502 /* ProfileView.swift */ = {isa = PBXFileReference; lastKnownFileType = sourcecode.swift; path = ProfileView.swift; sourceTree = "<group>"; };
		6A6B2D8B2A77C68F00971502 /* FocusModeBasics.swift */ = {isa = PBXFileReference; lastKnownFileType = sourcecode.swift; path = FocusModeBasics.swift; sourceTree = "<group>"; };
		6A7C51FF2A7224450045F0F0 /* AnimationTimingBasics.swift */ = {isa = PBXFileReference; lastKnownFileType = sourcecode.swift; path = AnimationTimingBasics.swift; sourceTree = "<group>"; };
		6A7C52012A722A4A0045F0F0 /* TransitionBasics.swift */ = {isa = PBXFileReference; lastKnownFileType = sourcecode.swift; path = TransitionBasics.swift; sourceTree = "<group>"; };
		6A7C52032A7239CC0045F0F0 /* SheetsBasics.swift */ = {isa = PBXFileReference; lastKnownFileType = sourcecode.swift; path = SheetsBasics.swift; sourceTree = "<group>"; };
		6A7C52052A725E1E0045F0F0 /* NavigationBasics.swift */ = {isa = PBXFileReference; lastKnownFileType = sourcecode.swift; path = NavigationBasics.swift; sourceTree = "<group>"; };
		6A7C52072A7265930045F0F0 /* AlertBasics.swift */ = {isa = PBXFileReference; lastKnownFileType = sourcecode.swift; path = AlertBasics.swift; sourceTree = "<group>"; };
		6A9174E52A737527006A3D71 /* TabViewBasics.swift */ = {isa = PBXFileReference; lastKnownFileType = sourcecode.swift; path = TabViewBasics.swift; sourceTree = "<group>"; };
		6A9174E72A7393D3006A3D71 /* ObservableObjectsBasics.swift */ = {isa = PBXFileReference; lastKnownFileType = sourcecode.swift; path = ObservableObjectsBasics.swift; sourceTree = "<group>"; };
		6A9174E92A73BF2E006A3D71 /* EnvironmentObjectBasics.swift */ = {isa = PBXFileReference; lastKnownFileType = sourcecode.swift; path = EnvironmentObjectBasics.swift; sourceTree = "<group>"; };
		6ACE6F492A78BF9E0012E151 /* ViewModifiersAdv.swift */ = {isa = PBXFileReference; lastKnownFileType = sourcecode.swift; path = ViewModifiersAdv.swift; sourceTree = "<group>"; };
		6ACE6F4B2A78FBAF0012E151 /* ViewBuildersAdv.swift */ = {isa = PBXFileReference; lastKnownFileType = sourcecode.swift; path = ViewBuildersAdv.swift; sourceTree = "<group>"; };
		6ACE6F512A791B1B0012E151 /* LandingPage.swift */ = {isa = PBXFileReference; lastKnownFileType = sourcecode.swift; path = LandingPage.swift; sourceTree = "<group>"; };
		6AD0F2D42A7A057B00CCF913 /* ProfileHome.swift */ = {isa = PBXFileReference; lastKnownFileType = sourcecode.swift; path = ProfileHome.swift; sourceTree = "<group>"; };
		6AD0F2D62A7A082600CCF913 /* SignupView.swift */ = {isa = PBXFileReference; lastKnownFileType = sourcecode.swift; path = SignupView.swift; sourceTree = "<group>"; };
		6AD0F2D82A7A134500CCF913 /* User.swift */ = {isa = PBXFileReference; lastKnownFileType = sourcecode.swift; path = User.swift; sourceTree = "<group>"; };
		6AD0F2DA2A7A16C600CCF913 /* View+Extensions.swift */ = {isa = PBXFileReference; lastKnownFileType = sourcecode.swift; path = "View+Extensions.swift"; sourceTree = "<group>"; };
		6AD0F2DC2A7A1CF900CCF913 /* SignupViewModel.swift */ = {isa = PBXFileReference; lastKnownFileType = sourcecode.swift; path = SignupViewModel.swift; sourceTree = "<group>"; };
		6AD0F2DF2A7A224E00CCF913 /* SnackBar.swift */ = {isa = PBXFileReference; lastKnownFileType = sourcecode.swift; path = SnackBar.swift; sourceTree = "<group>"; };
		6AD0F2E12A7A4F7B00CCF913 /* PopUpMenu.swift */ = {isa = PBXFileReference; lastKnownFileType = sourcecode.swift; path = PopUpMenu.swift; sourceTree = "<group>"; };
		6AD0F2E82A7A592F00CCF913 /* Query.graphql */ = {isa = PBXFileReference; lastKnownFileType = text; path = Query.graphql; sourceTree = "<group>"; };
		6AD0F2EB2A7A5DA800CCF913 /* BaralAPI */ = {isa = PBXFileReference; lastKnownFileType = wrapper; path = BaralAPI; sourceTree = "<group>"; };
		6AD0F2EE2A7A5E1E00CCF913 /* NetworkManager.swift */ = {isa = PBXFileReference; lastKnownFileType = sourcecode.swift; path = NetworkManager.swift; sourceTree = "<group>"; };
		6AD0F2F02A7A70D400CCF913 /* SignInViewModel.swift */ = {isa = PBXFileReference; lastKnownFileType = sourcecode.swift; path = SignInViewModel.swift; sourceTree = "<group>"; };
		6AE074552A70CAB90008E14F /* SafeAreaBasics.swift */ = {isa = PBXFileReference; lastKnownFileType = sourcecode.swift; path = SafeAreaBasics.swift; sourceTree = "<group>"; };
		6AE074572A70D5DE0008E14F /* ButtonsBasics.swift */ = {isa = PBXFileReference; lastKnownFileType = sourcecode.swift; path = ButtonsBasics.swift; sourceTree = "<group>"; };
		6AE074592A70E15C0008E14F /* StateBasics.swift */ = {isa = PBXFileReference; lastKnownFileType = sourcecode.swift; path = StateBasics.swift; sourceTree = "<group>"; };
		6AE0745B2A70E5AA0008E14F /* ExtractedFunctionsBasics.swift */ = {isa = PBXFileReference; lastKnownFileType = sourcecode.swift; path = ExtractedFunctionsBasics.swift; sourceTree = "<group>"; };
		6AE0745D2A70E99C0008E14F /* SubViewsBasics.swift */ = {isa = PBXFileReference; lastKnownFileType = sourcecode.swift; path = SubViewsBasics.swift; sourceTree = "<group>"; };
		6AE0745F2A70EF730008E14F /* BindingBasics.swift */ = {isa = PBXFileReference; lastKnownFileType = sourcecode.swift; path = BindingBasics.swift; sourceTree = "<group>"; };
		6AE074612A710C050008E14F /* ListTask.swift */ = {isa = PBXFileReference; lastKnownFileType = sourcecode.swift; path = ListTask.swift; sourceTree = "<group>"; };
		6AE074632A712F460008E14F /* AnimationBasics.swift */ = {isa = PBXFileReference; lastKnownFileType = sourcecode.swift; path = AnimationBasics.swift; sourceTree = "<group>"; };
/* End PBXFileReference section */

/* Begin PBXFrameworksBuildPhase section */
		6A600AB02A6E317700DA4057 /* Frameworks */ = {
			isa = PBXFrameworksBuildPhase;
			buildActionMask = 2147483647;
			files = (
				6AD0F2ED2A7A5DCF00CCF913 /* BaralAPI in Frameworks */,
				6AD0F2E52A7A554800CCF913 /* Apollo in Frameworks */,
			);
			runOnlyForDeploymentPostprocessing = 0;
		};
/* End PBXFrameworksBuildPhase section */

/* Begin PBXGroup section */
		6A600AAA2A6E317700DA4057 = {
			isa = PBXGroup;
			children = (
				6A600AB52A6E317700DA4057 /* SwiftUIBasics */,
				6A600AB42A6E317700DA4057 /* Products */,
				6AD0F2EA2A7A5DA700CCF913 /* Frameworks */,
			);
			sourceTree = "<group>";
		};
		6A600AB42A6E317700DA4057 /* Products */ = {
			isa = PBXGroup;
			children = (
				6A600AB32A6E317700DA4057 /* SwiftUIBasics.app */,
			);
			name = Products;
			sourceTree = "<group>";
		};
		6A600AB52A6E317700DA4057 /* SwiftUIBasics */ = {
			isa = PBXGroup;
			children = (
				6AD0F2DE2A7A223100CCF913 /* PratikDai */,
				6ACE6F502A791B060012E151 /* BaralAPI */,
				6A6B2D862A776DD000971502 /* Basics */,
				6ACE6F482A78BF7A0012E151 /* Advance */,
				6A6B2D832A776D9000971502 /* TillNow */,
				6A600ABA2A6E317900DA4057 /* Assets.xcassets */,
				6A600ABC2A6E317900DA4057 /* Preview Content */,
			);
			path = SwiftUIBasics;
			sourceTree = "<group>";
		};
		6A600ABC2A6E317900DA4057 /* Preview Content */ = {
			isa = PBXGroup;
			children = (
				6A600ABD2A6E317900DA4057 /* Preview Assets.xcassets */,
			);
			path = "Preview Content";
			sourceTree = "<group>";
		};
		6A6B2D832A776D9000971502 /* TillNow */ = {
			isa = PBXGroup;
			children = (
				6A6B2D842A776DC000971502 /* IntroView.swift */,
				6A6B2D872A776FB500971502 /* OnBoardingView.swift */,
				6A6B2D892A77700100971502 /* ProfileView.swift */,
			);
			path = TillNow;
			sourceTree = "<group>";
		};
		6A6B2D862A776DD000971502 /* Basics */ = {
			isa = PBXGroup;
			children = (
				6A600AB62A6E317700DA4057 /* SwiftUIBasicsApp.swift */,
				6A600AB82A6E317700DA4057 /* ContentView.swift */,
				6A600AC42A6E3B9E00DA4057 /* Shapes.swift */,
				6A600AC62A6E3FFB00DA4057 /* Colors.swift */,
				6A600AC82A6E4B0900DA4057 /* GradientColor.swift */,
				6A600ACA2A6E698100DA4057 /* Icons.swift */,
				6A600ACC2A6E71CB00DA4057 /* ImagesAdd.swift */,
				6A600ACE2A6E7FFB00DA4057 /* FramesBasics.swift */,
				6A600AD02A6E881700DA4057 /* BackgroundAndOverlay.swift */,
				6A477E382A6F83F1008F1909 /* StacksBasics.swift */,
				6A477E3A2A6F975B008F1909 /* PaddingBasics.swift */,
				6A477E3C2A6F9BD1008F1909 /* SpacerBasics.swift */,
				6A477E3E2A6FC102008F1909 /* InitilizerBasics.swift */,
				6A477E402A6FD1F0008F1909 /* ScrollBasics.swift */,
				6A477E422A6FDDCB008F1909 /* GridViewBasics.swift */,
				6AE074552A70CAB90008E14F /* SafeAreaBasics.swift */,
				6AE074572A70D5DE0008E14F /* ButtonsBasics.swift */,
				6AE074592A70E15C0008E14F /* StateBasics.swift */,
				6AE0745B2A70E5AA0008E14F /* ExtractedFunctionsBasics.swift */,
				6AE0745D2A70E99C0008E14F /* SubViewsBasics.swift */,
				6AE0745F2A70EF730008E14F /* BindingBasics.swift */,
				6AE074612A710C050008E14F /* ListTask.swift */,
				6AE074632A712F460008E14F /* AnimationBasics.swift */,
				6A7C51FF2A7224450045F0F0 /* AnimationTimingBasics.swift */,
				6A7C52012A722A4A0045F0F0 /* TransitionBasics.swift */,
				6A7C52032A7239CC0045F0F0 /* SheetsBasics.swift */,
				6A7C52052A725E1E0045F0F0 /* NavigationBasics.swift */,
				6A7C52072A7265930045F0F0 /* AlertBasics.swift */,
				6A9174E52A737527006A3D71 /* TabViewBasics.swift */,
				6A9174E72A7393D3006A3D71 /* ObservableObjectsBasics.swift */,
				6A9174E92A73BF2E006A3D71 /* EnvironmentObjectBasics.swift */,
				6A6B2D812A77671700971502 /* AppStorageBasics.swift */,
				6A6B2D8B2A77C68F00971502 /* FocusModeBasics.swift */,
			);
			path = Basics;
			sourceTree = "<group>";
		};
		6ACE6F482A78BF7A0012E151 /* Advance */ = {
			isa = PBXGroup;
			children = (
				6ACE6F492A78BF9E0012E151 /* ViewModifiersAdv.swift */,
				6ACE6F4B2A78FBAF0012E151 /* ViewBuildersAdv.swift */,
				6AD0F2EE2A7A5E1E00CCF913 /* NetworkManager.swift */,
			);
			path = Advance;
			sourceTree = "<group>";
		};
		6ACE6F502A791B060012E151 /* BaralAPI */ = {
			isa = PBXGroup;
			children = (
				6ACE6F512A791B1B0012E151 /* LandingPage.swift */,
				6AD0F2D62A7A082600CCF913 /* SignupView.swift */,
				6AD0F2DC2A7A1CF900CCF913 /* SignupViewModel.swift */,
				6AD0F2D42A7A057B00CCF913 /* ProfileHome.swift */,
				6AD0F2F02A7A70D400CCF913 /* SignInViewModel.swift */,
				6AD0F2D82A7A134500CCF913 /* User.swift */,
				6AD0F2DA2A7A16C600CCF913 /* View+Extensions.swift */,
			);
			path = BaralAPI;
			sourceTree = "<group>";
		};
		6AD0F2DE2A7A223100CCF913 /* PratikDai */ = {
			isa = PBXGroup;
			children = (
				6AD0F2DF2A7A224E00CCF913 /* SnackBar.swift */,
				6AD0F2E12A7A4F7B00CCF913 /* PopUpMenu.swift */,
				6AD0F2E82A7A592F00CCF913 /* Query.graphql */,
			);
			path = PratikDai;
			sourceTree = "<group>";
		};
		6AD0F2EA2A7A5DA700CCF913 /* Frameworks */ = {
			isa = PBXGroup;
			children = (
				6AD0F2EB2A7A5DA800CCF913 /* BaralAPI */,
			);
			name = Frameworks;
			sourceTree = "<group>";
		};
/* End PBXGroup section */

/* Begin PBXNativeTarget section */
		6A600AB22A6E317700DA4057 /* SwiftUIBasics */ = {
			isa = PBXNativeTarget;
			buildConfigurationList = 6A600AC12A6E317900DA4057 /* Build configuration list for PBXNativeTarget "SwiftUIBasics" */;
			buildPhases = (
				6A600AAF2A6E317700DA4057 /* Sources */,
				6A600AB02A6E317700DA4057 /* Frameworks */,
				6A600AB12A6E317700DA4057 /* Resources */,
			);
			buildRules = (
			);
			dependencies = (
			);
			name = SwiftUIBasics;
			packageProductDependencies = (
				6AD0F2E42A7A554800CCF913 /* Apollo */,
				6AD0F2EC2A7A5DCF00CCF913 /* BaralAPI */,
			);
			productName = SwiftUIBasics;
			productReference = 6A600AB32A6E317700DA4057 /* SwiftUIBasics.app */;
			productType = "com.apple.product-type.application";
		};
/* End PBXNativeTarget section */

/* Begin PBXProject section */
		6A600AAB2A6E317700DA4057 /* Project object */ = {
			isa = PBXProject;
			attributes = {
				BuildIndependentTargetsInParallel = 1;
				LastSwiftUpdateCheck = 1420;
				LastUpgradeCheck = 1420;
				TargetAttributes = {
					6A600AB22A6E317700DA4057 = {
						CreatedOnToolsVersion = 14.2;
					};
				};
			};
			buildConfigurationList = 6A600AAE2A6E317700DA4057 /* Build configuration list for PBXProject "SwiftUIBasics" */;
			compatibilityVersion = "Xcode 14.0";
			developmentRegion = en;
			hasScannedForEncodings = 0;
			knownRegions = (
				en,
				Base,
			);
			mainGroup = 6A600AAA2A6E317700DA4057;
			packageReferences = (
				6AD0F2E32A7A554800CCF913 /* XCRemoteSwiftPackageReference "apollo-ios" */,
			);
			productRefGroup = 6A600AB42A6E317700DA4057 /* Products */;
			projectDirPath = "";
			projectRoot = "";
			targets = (
				6A600AB22A6E317700DA4057 /* SwiftUIBasics */,
			);
		};
/* End PBXProject section */

/* Begin PBXResourcesBuildPhase section */
		6A600AB12A6E317700DA4057 /* Resources */ = {
			isa = PBXResourcesBuildPhase;
			buildActionMask = 2147483647;
			files = (
				6A600ABE2A6E317900DA4057 /* Preview Assets.xcassets in Resources */,
				6AD0F2E92A7A592F00CCF913 /* Query.graphql in Resources */,
				6A600ABB2A6E317900DA4057 /* Assets.xcassets in Resources */,
			);
			runOnlyForDeploymentPostprocessing = 0;
		};
/* End PBXResourcesBuildPhase section */

/* Begin PBXSourcesBuildPhase section */
		6A600AAF2A6E317700DA4057 /* Sources */ = {
			isa = PBXSourcesBuildPhase;
			buildActionMask = 2147483647;
			files = (
				6A7C52042A7239CC0045F0F0 /* SheetsBasics.swift in Sources */,
				6AE0745E2A70E99C0008E14F /* SubViewsBasics.swift in Sources */,
				6AE074642A712F460008E14F /* AnimationBasics.swift in Sources */,
				6AE0745A2A70E15C0008E14F /* StateBasics.swift in Sources */,
				6AD0F2EF2A7A5E1E00CCF913 /* NetworkManager.swift in Sources */,
				6AE0745C2A70E5AA0008E14F /* ExtractedFunctionsBasics.swift in Sources */,
				6AD0F2DB2A7A16C600CCF913 /* View+Extensions.swift in Sources */,
				6A9174EA2A73BF2E006A3D71 /* EnvironmentObjectBasics.swift in Sources */,
				6AD0F2E02A7A224E00CCF913 /* SnackBar.swift in Sources */,
				6ACE6F4C2A78FBAF0012E151 /* ViewBuildersAdv.swift in Sources */,
				6AE074602A70EF730008E14F /* BindingBasics.swift in Sources */,
				6A9174E62A737527006A3D71 /* TabViewBasics.swift in Sources */,
				6AD0F2E22A7A4F7B00CCF913 /* PopUpMenu.swift in Sources */,
				6A600ACF2A6E7FFB00DA4057 /* FramesBasics.swift in Sources */,
				6AD0F2D72A7A082600CCF913 /* SignupView.swift in Sources */,
				6A6B2D882A776FB500971502 /* OnBoardingView.swift in Sources */,
				6A9174E82A7393D3006A3D71 /* ObservableObjectsBasics.swift in Sources */,
				6A600AC92A6E4B0900DA4057 /* GradientColor.swift in Sources */,
				6ACE6F522A791B1B0012E151 /* LandingPage.swift in Sources */,
				6A6B2D8A2A77700100971502 /* ProfileView.swift in Sources */,
				6AD0F2F12A7A70D400CCF913 /* SignInViewModel.swift in Sources */,
				6AD0F2D52A7A057B00CCF913 /* ProfileHome.swift in Sources */,
				6A600ACD2A6E71CB00DA4057 /* ImagesAdd.swift in Sources */,
				6A600AB92A6E317700DA4057 /* ContentView.swift in Sources */,
				6A477E3D2A6F9BD1008F1909 /* SpacerBasics.swift in Sources */,
				6AD0F2D92A7A134500CCF913 /* User.swift in Sources */,
				6A600ACB2A6E698100DA4057 /* Icons.swift in Sources */,
				6ACE6F4A2A78BF9E0012E151 /* ViewModifiersAdv.swift in Sources */,
				6A600AC72A6E3FFB00DA4057 /* Colors.swift in Sources */,
				6A6B2D8C2A77C68F00971502 /* FocusModeBasics.swift in Sources */,
				6A477E3F2A6FC102008F1909 /* InitilizerBasics.swift in Sources */,
				6AE074582A70D5DE0008E14F /* ButtonsBasics.swift in Sources */,
				6A600AB72A6E317700DA4057 /* SwiftUIBasicsApp.swift in Sources */,
				6AE074622A710C050008E14F /* ListTask.swift in Sources */,
				6A6B2D852A776DC000971502 /* IntroView.swift in Sources */,
				6A600AD12A6E881700DA4057 /* BackgroundAndOverlay.swift in Sources */,
				6A600AC52A6E3B9E00DA4057 /* Shapes.swift in Sources */,
				6A477E432A6FDDCB008F1909 /* GridViewBasics.swift in Sources */,
				6A7C52062A725E1E0045F0F0 /* NavigationBasics.swift in Sources */,
				6A7C52002A7224450045F0F0 /* AnimationTimingBasics.swift in Sources */,
				6AE074562A70CAB90008E14F /* SafeAreaBasics.swift in Sources */,
				6A477E3B2A6F975B008F1909 /* PaddingBasics.swift in Sources */,
				6AD0F2DD2A7A1CF900CCF913 /* SignupViewModel.swift in Sources */,
				6A477E392A6F83F1008F1909 /* StacksBasics.swift in Sources */,
				6A6B2D822A77671700971502 /* AppStorageBasics.swift in Sources */,
				6A7C52082A7265930045F0F0 /* AlertBasics.swift in Sources */,
				6A477E412A6FD1F0008F1909 /* ScrollBasics.swift in Sources */,
				6A7C52022A722A4A0045F0F0 /* TransitionBasics.swift in Sources */,
			);
			runOnlyForDeploymentPostprocessing = 0;
		};
/* End PBXSourcesBuildPhase section */

/* Begin XCBuildConfiguration section */
		6A600ABF2A6E317900DA4057 /* Debug */ = {
			isa = XCBuildConfiguration;
			buildSettings = {
				ALWAYS_SEARCH_USER_PATHS = NO;
				CLANG_ANALYZER_NONNULL = YES;
				CLANG_ANALYZER_NUMBER_OBJECT_CONVERSION = YES_AGGRESSIVE;
				CLANG_CXX_LANGUAGE_STANDARD = "gnu++20";
				CLANG_ENABLE_MODULES = YES;
				CLANG_ENABLE_OBJC_ARC = YES;
				CLANG_ENABLE_OBJC_WEAK = YES;
				CLANG_WARN_BLOCK_CAPTURE_AUTORELEASING = YES;
				CLANG_WARN_BOOL_CONVERSION = YES;
				CLANG_WARN_COMMA = YES;
				CLANG_WARN_CONSTANT_CONVERSION = YES;
				CLANG_WARN_DEPRECATED_OBJC_IMPLEMENTATIONS = YES;
				CLANG_WARN_DIRECT_OBJC_ISA_USAGE = YES_ERROR;
				CLANG_WARN_DOCUMENTATION_COMMENTS = YES;
				CLANG_WARN_EMPTY_BODY = YES;
				CLANG_WARN_ENUM_CONVERSION = YES;
				CLANG_WARN_INFINITE_RECURSION = YES;
				CLANG_WARN_INT_CONVERSION = YES;
				CLANG_WARN_NON_LITERAL_NULL_CONVERSION = YES;
				CLANG_WARN_OBJC_IMPLICIT_RETAIN_SELF = YES;
				CLANG_WARN_OBJC_LITERAL_CONVERSION = YES;
				CLANG_WARN_OBJC_ROOT_CLASS = YES_ERROR;
				CLANG_WARN_QUOTED_INCLUDE_IN_FRAMEWORK_HEADER = YES;
				CLANG_WARN_RANGE_LOOP_ANALYSIS = YES;
				CLANG_WARN_STRICT_PROTOTYPES = YES;
				CLANG_WARN_SUSPICIOUS_MOVE = YES;
				CLANG_WARN_UNGUARDED_AVAILABILITY = YES_AGGRESSIVE;
				CLANG_WARN_UNREACHABLE_CODE = YES;
				CLANG_WARN__DUPLICATE_METHOD_MATCH = YES;
				COPY_PHASE_STRIP = NO;
				DEBUG_INFORMATION_FORMAT = dwarf;
				ENABLE_STRICT_OBJC_MSGSEND = YES;
				ENABLE_TESTABILITY = YES;
				GCC_C_LANGUAGE_STANDARD = gnu11;
				GCC_DYNAMIC_NO_PIC = NO;
				GCC_NO_COMMON_BLOCKS = YES;
				GCC_OPTIMIZATION_LEVEL = 0;
				GCC_PREPROCESSOR_DEFINITIONS = (
					"DEBUG=1",
					"$(inherited)",
				);
				GCC_WARN_64_TO_32_BIT_CONVERSION = YES;
				GCC_WARN_ABOUT_RETURN_TYPE = YES_ERROR;
				GCC_WARN_UNDECLARED_SELECTOR = YES;
				GCC_WARN_UNINITIALIZED_AUTOS = YES_AGGRESSIVE;
				GCC_WARN_UNUSED_FUNCTION = YES;
				GCC_WARN_UNUSED_VARIABLE = YES;
				IPHONEOS_DEPLOYMENT_TARGET = 16.2;
				MTL_ENABLE_DEBUG_INFO = INCLUDE_SOURCE;
				MTL_FAST_MATH = YES;
				ONLY_ACTIVE_ARCH = YES;
				SDKROOT = iphoneos;
				SWIFT_ACTIVE_COMPILATION_CONDITIONS = DEBUG;
				SWIFT_OPTIMIZATION_LEVEL = "-Onone";
			};
			name = Debug;
		};
		6A600AC02A6E317900DA4057 /* Release */ = {
			isa = XCBuildConfiguration;
			buildSettings = {
				ALWAYS_SEARCH_USER_PATHS = NO;
				CLANG_ANALYZER_NONNULL = YES;
				CLANG_ANALYZER_NUMBER_OBJECT_CONVERSION = YES_AGGRESSIVE;
				CLANG_CXX_LANGUAGE_STANDARD = "gnu++20";
				CLANG_ENABLE_MODULES = YES;
				CLANG_ENABLE_OBJC_ARC = YES;
				CLANG_ENABLE_OBJC_WEAK = YES;
				CLANG_WARN_BLOCK_CAPTURE_AUTORELEASING = YES;
				CLANG_WARN_BOOL_CONVERSION = YES;
				CLANG_WARN_COMMA = YES;
				CLANG_WARN_CONSTANT_CONVERSION = YES;
				CLANG_WARN_DEPRECATED_OBJC_IMPLEMENTATIONS = YES;
				CLANG_WARN_DIRECT_OBJC_ISA_USAGE = YES_ERROR;
				CLANG_WARN_DOCUMENTATION_COMMENTS = YES;
				CLANG_WARN_EMPTY_BODY = YES;
				CLANG_WARN_ENUM_CONVERSION = YES;
				CLANG_WARN_INFINITE_RECURSION = YES;
				CLANG_WARN_INT_CONVERSION = YES;
				CLANG_WARN_NON_LITERAL_NULL_CONVERSION = YES;
				CLANG_WARN_OBJC_IMPLICIT_RETAIN_SELF = YES;
				CLANG_WARN_OBJC_LITERAL_CONVERSION = YES;
				CLANG_WARN_OBJC_ROOT_CLASS = YES_ERROR;
				CLANG_WARN_QUOTED_INCLUDE_IN_FRAMEWORK_HEADER = YES;
				CLANG_WARN_RANGE_LOOP_ANALYSIS = YES;
				CLANG_WARN_STRICT_PROTOTYPES = YES;
				CLANG_WARN_SUSPICIOUS_MOVE = YES;
				CLANG_WARN_UNGUARDED_AVAILABILITY = YES_AGGRESSIVE;
				CLANG_WARN_UNREACHABLE_CODE = YES;
				CLANG_WARN__DUPLICATE_METHOD_MATCH = YES;
				COPY_PHASE_STRIP = NO;
				DEBUG_INFORMATION_FORMAT = "dwarf-with-dsym";
				ENABLE_NS_ASSERTIONS = NO;
				ENABLE_STRICT_OBJC_MSGSEND = YES;
				GCC_C_LANGUAGE_STANDARD = gnu11;
				GCC_NO_COMMON_BLOCKS = YES;
				GCC_WARN_64_TO_32_BIT_CONVERSION = YES;
				GCC_WARN_ABOUT_RETURN_TYPE = YES_ERROR;
				GCC_WARN_UNDECLARED_SELECTOR = YES;
				GCC_WARN_UNINITIALIZED_AUTOS = YES_AGGRESSIVE;
				GCC_WARN_UNUSED_FUNCTION = YES;
				GCC_WARN_UNUSED_VARIABLE = YES;
				IPHONEOS_DEPLOYMENT_TARGET = 16.2;
				MTL_ENABLE_DEBUG_INFO = NO;
				MTL_FAST_MATH = YES;
				SDKROOT = iphoneos;
				SWIFT_COMPILATION_MODE = wholemodule;
				SWIFT_OPTIMIZATION_LEVEL = "-O";
				VALIDATE_PRODUCT = YES;
			};
			name = Release;
		};
		6A600AC22A6E317900DA4057 /* Debug */ = {
			isa = XCBuildConfiguration;
			buildSettings = {
				ASSETCATALOG_COMPILER_APPICON_NAME = AppIcon;
				ASSETCATALOG_COMPILER_GLOBAL_ACCENT_COLOR_NAME = AccentColor;
				CODE_SIGN_STYLE = Automatic;
				CURRENT_PROJECT_VERSION = 1;
				DEVELOPMENT_ASSET_PATHS = "\"SwiftUIBasics/Preview Content\"";
				ENABLE_PREVIEWS = YES;
				GENERATE_INFOPLIST_FILE = YES;
				INFOPLIST_KEY_UIApplicationSceneManifest_Generation = YES;
				INFOPLIST_KEY_UIApplicationSupportsIndirectInputEvents = YES;
				INFOPLIST_KEY_UILaunchScreen_Generation = YES;
				INFOPLIST_KEY_UISupportedInterfaceOrientations_iPad = "UIInterfaceOrientationPortrait UIInterfaceOrientationPortraitUpsideDown UIInterfaceOrientationLandscapeLeft UIInterfaceOrientationLandscapeRight";
				INFOPLIST_KEY_UISupportedInterfaceOrientations_iPhone = "UIInterfaceOrientationPortrait UIInterfaceOrientationLandscapeLeft UIInterfaceOrientationLandscapeRight";
				IPHONEOS_DEPLOYMENT_TARGET = 16.0;
				LD_RUNPATH_SEARCH_PATHS = (
					"$(inherited)",
					"@executable_path/Frameworks",
				);
				MARKETING_VERSION = 1.0;
				PRODUCT_BUNDLE_IDENTIFIER = com.EBPearls.SwiftUIBasics;
				PRODUCT_NAME = "$(TARGET_NAME)";
				SWIFT_EMIT_LOC_STRINGS = YES;
				SWIFT_VERSION = 5.0;
				TARGETED_DEVICE_FAMILY = "1,2";
			};
			name = Debug;
		};
		6A600AC32A6E317900DA4057 /* Release */ = {
			isa = XCBuildConfiguration;
			buildSettings = {
				ASSETCATALOG_COMPILER_APPICON_NAME = AppIcon;
				ASSETCATALOG_COMPILER_GLOBAL_ACCENT_COLOR_NAME = AccentColor;
				CODE_SIGN_STYLE = Automatic;
				CURRENT_PROJECT_VERSION = 1;
				DEVELOPMENT_ASSET_PATHS = "\"SwiftUIBasics/Preview Content\"";
				ENABLE_PREVIEWS = YES;
				GENERATE_INFOPLIST_FILE = YES;
				INFOPLIST_KEY_UIApplicationSceneManifest_Generation = YES;
				INFOPLIST_KEY_UIApplicationSupportsIndirectInputEvents = YES;
				INFOPLIST_KEY_UILaunchScreen_Generation = YES;
				INFOPLIST_KEY_UISupportedInterfaceOrientations_iPad = "UIInterfaceOrientationPortrait UIInterfaceOrientationPortraitUpsideDown UIInterfaceOrientationLandscapeLeft UIInterfaceOrientationLandscapeRight";
				INFOPLIST_KEY_UISupportedInterfaceOrientations_iPhone = "UIInterfaceOrientationPortrait UIInterfaceOrientationLandscapeLeft UIInterfaceOrientationLandscapeRight";
				IPHONEOS_DEPLOYMENT_TARGET = 16.0;
				LD_RUNPATH_SEARCH_PATHS = (
					"$(inherited)",
					"@executable_path/Frameworks",
				);
				MARKETING_VERSION = 1.0;
				PRODUCT_BUNDLE_IDENTIFIER = com.EBPearls.SwiftUIBasics;
				PRODUCT_NAME = "$(TARGET_NAME)";
				SWIFT_EMIT_LOC_STRINGS = YES;
				SWIFT_VERSION = 5.0;
				TARGETED_DEVICE_FAMILY = "1,2";
			};
			name = Release;
		};
/* End XCBuildConfiguration section */

/* Begin XCConfigurationList section */
		6A600AAE2A6E317700DA4057 /* Build configuration list for PBXProject "SwiftUIBasics" */ = {
			isa = XCConfigurationList;
			buildConfigurations = (
				6A600ABF2A6E317900DA4057 /* Debug */,
				6A600AC02A6E317900DA4057 /* Release */,
			);
			defaultConfigurationIsVisible = 0;
			defaultConfigurationName = Release;
		};
		6A600AC12A6E317900DA4057 /* Build configuration list for PBXNativeTarget "SwiftUIBasics" */ = {
			isa = XCConfigurationList;
			buildConfigurations = (
				6A600AC22A6E317900DA4057 /* Debug */,
				6A600AC32A6E317900DA4057 /* Release */,
			);
			defaultConfigurationIsVisible = 0;
			defaultConfigurationName = Release;
		};
/* End XCConfigurationList section */

/* Begin XCRemoteSwiftPackageReference section */
		6AD0F2E32A7A554800CCF913 /* XCRemoteSwiftPackageReference "apollo-ios" */ = {
			isa = XCRemoteSwiftPackageReference;
			repositoryURL = "https://github.com/apollographql/apollo-ios.git";
			requirement = {
				branch = main;
				kind = branch;
			};
		};
/* End XCRemoteSwiftPackageReference section */

/* Begin XCSwiftPackageProductDependency section */
		6AD0F2E42A7A554800CCF913 /* Apollo */ = {
			isa = XCSwiftPackageProductDependency;
			package = 6AD0F2E32A7A554800CCF913 /* XCRemoteSwiftPackageReference "apollo-ios" */;
			productName = Apollo;
		};
		6AD0F2EC2A7A5DCF00CCF913 /* BaralAPI */ = {
			isa = XCSwiftPackageProductDependency;
			productName = BaralAPI;
		};
/* End XCSwiftPackageProductDependency section */
	};
	rootObject = 6A600AAB2A6E317700DA4057 /* Project object */;
}
