// !$*UTF8*$!
{
	archiveVersion = 1;
	classes = {
	};
	objectVersion = 56;
	objects = {

/* Begin PBXBuildFile section */
		4E37D41174ACFFD5F76CA8B5 /* Pods_UrlTableView.framework in Frameworks */ = {isa = PBXBuildFile; fileRef = A8052D9767E7096E390C4FBC /* Pods_UrlTableView.framework */; };
		6A03610D2A286158008608DD /* TableView+Extensions.swift in Sources */ = {isa = PBXBuildFile; fileRef = 6A03610C2A286158008608DD /* TableView+Extensions.swift */; };
		6A367AC92A387F0C00F73115 /* FormView.swift in Sources */ = {isa = PBXBuildFile; fileRef = 6A367AC82A387F0C00F73115 /* FormView.swift */; };
		6A367ACB2A387F7700F73115 /* FormViewController.swift in Sources */ = {isa = PBXBuildFile; fileRef = 6A367ACA2A387F7700F73115 /* FormViewController.swift */; };
		6A6308692A41703A00005F63 /* KeychainSwift in Frameworks */ = {isa = PBXBuildFile; productRef = 6A6308682A41703A00005F63 /* KeychainSwift */; };
		6A6390DD2A26ED260095F6AB /* AppDelegate.swift in Sources */ = {isa = PBXBuildFile; fileRef = 6A6390DC2A26ED260095F6AB /* AppDelegate.swift */; };
		6A6390DF2A26ED260095F6AB /* SceneDelegate.swift in Sources */ = {isa = PBXBuildFile; fileRef = 6A6390DE2A26ED260095F6AB /* SceneDelegate.swift */; };
		6A6390E62A26ED270095F6AB /* Assets.xcassets in Resources */ = {isa = PBXBuildFile; fileRef = 6A6390E52A26ED270095F6AB /* Assets.xcassets */; };
		6A6390E92A26ED270095F6AB /* LaunchScreen.storyboard in Resources */ = {isa = PBXBuildFile; fileRef = 6A6390E72A26ED270095F6AB /* LaunchScreen.storyboard */; };
		6A6390FC2A26EFE00095F6AB /* ProfileView.swift in Sources */ = {isa = PBXBuildFile; fileRef = 6A6390FB2A26EFE00095F6AB /* ProfileView.swift */; };
		6A6390FE2A26EFFC0095F6AB /* ProfileViewController.swift in Sources */ = {isa = PBXBuildFile; fileRef = 6A6390FD2A26EFFC0095F6AB /* ProfileViewController.swift */; };
		6A6391002A26F1150095F6AB /* ListViewController.swift in Sources */ = {isa = PBXBuildFile; fileRef = 6A6390FF2A26F1150095F6AB /* ListViewController.swift */; };
		6A6391022A26F1310095F6AB /* ListView.swift in Sources */ = {isa = PBXBuildFile; fileRef = 6A6391012A26F1310095F6AB /* ListView.swift */; };
		6A6391042A26F14B0095F6AB /* ListViewCell.swift in Sources */ = {isa = PBXBuildFile; fileRef = 6A6391032A26F14B0095F6AB /* ListViewCell.swift */; };
		6A6391072A26F7EE0095F6AB /* String+Extensions.swift in Sources */ = {isa = PBXBuildFile; fileRef = 6A6391062A26F7ED0095F6AB /* String+Extensions.swift */; };
		6A63910A2A2706700095F6AB /* ProductsPost.swift in Sources */ = {isa = PBXBuildFile; fileRef = 6A6391092A2706700095F6AB /* ProductsPost.swift */; };
		6A6590EF2A3AD2820027BDE2 /* ProfileViewCell.swift in Sources */ = {isa = PBXBuildFile; fileRef = 6A6590EE2A3AD2820027BDE2 /* ProfileViewCell.swift */; };
		6A6AB6A12A3C199200395CBD /* NetworkManager.swift in Sources */ = {isa = PBXBuildFile; fileRef = 6A6AB6A02A3C199200395CBD /* NetworkManager.swift */; };
		6A72962A2A49A60500F2C01C /* PersistanceStorage.swift in Sources */ = {isa = PBXBuildFile; fileRef = 6A7296292A49A60500F2C01C /* PersistanceStorage.swift */; };
		6A752D372A4469EF006FCA80 /* Product.xcdatamodeld in Sources */ = {isa = PBXBuildFile; fileRef = 6A752D352A4469EF006FCA80 /* Product.xcdatamodeld */; };
		6A77A1772A42AD84002C2EDB /* Alamofire in Frameworks */ = {isa = PBXBuildFile; productRef = 6A77A1762A42AD84002C2EDB /* Alamofire */; };
		6A78783B2A4BF90D000673E9 /* Utility.swift in Sources */ = {isa = PBXBuildFile; fileRef = 6A78783A2A4BF90D000673E9 /* Utility.swift */; };
		6A78783E2A4C3E00000673E9 /* CollectionView+Extensions.swift in Sources */ = {isa = PBXBuildFile; fileRef = 6A78783D2A4C3E00000673E9 /* CollectionView+Extensions.swift */; };
		6AB6E8032A4AB7FB00CD98EB /* FormViewModel.swift in Sources */ = {isa = PBXBuildFile; fileRef = 6AB6E8022A4AB7FB00CD98EB /* FormViewModel.swift */; };
		6AB6E8052A4AB80800CD98EB /* ListViewModel.swift in Sources */ = {isa = PBXBuildFile; fileRef = 6AB6E8042A4AB80800CD98EB /* ListViewModel.swift */; };
		6AB6E8072A4AB81A00CD98EB /* ProfileViewModel.swift in Sources */ = {isa = PBXBuildFile; fileRef = 6AB6E8062A4AB81A00CD98EB /* ProfileViewModel.swift */; };
		6AC2B8152A45719C00972E59 /* Products+CoreDataProperties.swift in Sources */ = {isa = PBXBuildFile; fileRef = 6AC2B8132A45719C00972E59 /* Products+CoreDataProperties.swift */; };
		6AC2B8162A45719C00972E59 /* Products+CoreDataClass.swift in Sources */ = {isa = PBXBuildFile; fileRef = 6AC2B8142A45719C00972E59 /* Products+CoreDataClass.swift */; };
		6AEFEE9E2A65436E00E74AF7 /* Coordinator.swift in Sources */ = {isa = PBXBuildFile; fileRef = 6AEFEE9D2A65436E00E74AF7 /* Coordinator.swift */; };
		6AEFEEA02A6543AB00E74AF7 /* MainCoordinator.swift in Sources */ = {isa = PBXBuildFile; fileRef = 6AEFEE9F2A6543AB00E74AF7 /* MainCoordinator.swift */; };
		6AEFEEA32A65443E00E74AF7 /* FormCoordinator.swift in Sources */ = {isa = PBXBuildFile; fileRef = 6AEFEEA22A65443E00E74AF7 /* FormCoordinator.swift */; };
		6AEFEEA52A6544B200E74AF7 /* Coordinator+Extensions.swift in Sources */ = {isa = PBXBuildFile; fileRef = 6AEFEEA42A6544B200E74AF7 /* Coordinator+Extensions.swift */; };
		6AEFEEA72A65479700E74AF7 /* ListCoordinator.swift in Sources */ = {isa = PBXBuildFile; fileRef = 6AEFEEA62A65479700E74AF7 /* ListCoordinator.swift */; };
		6AEFEEA92A65486200E74AF7 /* ProfileCoordinator.swift in Sources */ = {isa = PBXBuildFile; fileRef = 6AEFEEA82A65486200E74AF7 /* ProfileCoordinator.swift */; };
/* End PBXBuildFile section */

/* Begin PBXFileReference section */
		6A03610C2A286158008608DD /* TableView+Extensions.swift */ = {isa = PBXFileReference; lastKnownFileType = sourcecode.swift; path = "TableView+Extensions.swift"; sourceTree = "<group>"; };
		6A367AC82A387F0C00F73115 /* FormView.swift */ = {isa = PBXFileReference; lastKnownFileType = sourcecode.swift; path = FormView.swift; sourceTree = "<group>"; };
		6A367ACA2A387F7700F73115 /* FormViewController.swift */ = {isa = PBXFileReference; lastKnownFileType = sourcecode.swift; path = FormViewController.swift; sourceTree = "<group>"; };
		6A6390D92A26ED260095F6AB /* UrlTableView.app */ = {isa = PBXFileReference; explicitFileType = wrapper.application; includeInIndex = 0; path = UrlTableView.app; sourceTree = BUILT_PRODUCTS_DIR; };
		6A6390DC2A26ED260095F6AB /* AppDelegate.swift */ = {isa = PBXFileReference; lastKnownFileType = sourcecode.swift; path = AppDelegate.swift; sourceTree = "<group>"; };
		6A6390DE2A26ED260095F6AB /* SceneDelegate.swift */ = {isa = PBXFileReference; lastKnownFileType = sourcecode.swift; path = SceneDelegate.swift; sourceTree = "<group>"; };
		6A6390E52A26ED270095F6AB /* Assets.xcassets */ = {isa = PBXFileReference; lastKnownFileType = folder.assetcatalog; path = Assets.xcassets; sourceTree = "<group>"; };
		6A6390E82A26ED270095F6AB /* Base */ = {isa = PBXFileReference; lastKnownFileType = file.storyboard; name = Base; path = Base.lproj/LaunchScreen.storyboard; sourceTree = "<group>"; };
		6A6390EA2A26ED270095F6AB /* Info.plist */ = {isa = PBXFileReference; lastKnownFileType = text.plist.xml; path = Info.plist; sourceTree = "<group>"; };
		6A6390FB2A26EFE00095F6AB /* ProfileView.swift */ = {isa = PBXFileReference; lastKnownFileType = sourcecode.swift; path = ProfileView.swift; sourceTree = "<group>"; };
		6A6390FD2A26EFFC0095F6AB /* ProfileViewController.swift */ = {isa = PBXFileReference; lastKnownFileType = sourcecode.swift; path = ProfileViewController.swift; sourceTree = "<group>"; };
		6A6390FF2A26F1150095F6AB /* ListViewController.swift */ = {isa = PBXFileReference; lastKnownFileType = sourcecode.swift; path = ListViewController.swift; sourceTree = "<group>"; };
		6A6391012A26F1310095F6AB /* ListView.swift */ = {isa = PBXFileReference; lastKnownFileType = sourcecode.swift; path = ListView.swift; sourceTree = "<group>"; };
		6A6391032A26F14B0095F6AB /* ListViewCell.swift */ = {isa = PBXFileReference; lastKnownFileType = sourcecode.swift; path = ListViewCell.swift; sourceTree = "<group>"; };
		6A6391062A26F7ED0095F6AB /* String+Extensions.swift */ = {isa = PBXFileReference; lastKnownFileType = sourcecode.swift; path = "String+Extensions.swift"; sourceTree = "<group>"; };
		6A6391092A2706700095F6AB /* ProductsPost.swift */ = {isa = PBXFileReference; lastKnownFileType = sourcecode.swift; path = ProductsPost.swift; sourceTree = "<group>"; };
		6A6590EE2A3AD2820027BDE2 /* ProfileViewCell.swift */ = {isa = PBXFileReference; lastKnownFileType = sourcecode.swift; path = ProfileViewCell.swift; sourceTree = "<group>"; };
		6A6AB6A02A3C199200395CBD /* NetworkManager.swift */ = {isa = PBXFileReference; lastKnownFileType = sourcecode.swift; path = NetworkManager.swift; sourceTree = "<group>"; };
		6A7296292A49A60500F2C01C /* PersistanceStorage.swift */ = {isa = PBXFileReference; lastKnownFileType = sourcecode.swift; path = PersistanceStorage.swift; sourceTree = "<group>"; };
		6A752D362A4469EF006FCA80 /* Product.xcdatamodel */ = {isa = PBXFileReference; lastKnownFileType = wrapper.xcdatamodel; path = Product.xcdatamodel; sourceTree = "<group>"; };
		6A78783A2A4BF90D000673E9 /* Utility.swift */ = {isa = PBXFileReference; lastKnownFileType = sourcecode.swift; path = Utility.swift; sourceTree = "<group>"; };
		6A78783D2A4C3E00000673E9 /* CollectionView+Extensions.swift */ = {isa = PBXFileReference; lastKnownFileType = sourcecode.swift; path = "CollectionView+Extensions.swift"; sourceTree = "<group>"; };
		6AB6E8022A4AB7FB00CD98EB /* FormViewModel.swift */ = {isa = PBXFileReference; lastKnownFileType = sourcecode.swift; path = FormViewModel.swift; sourceTree = "<group>"; };
		6AB6E8042A4AB80800CD98EB /* ListViewModel.swift */ = {isa = PBXFileReference; lastKnownFileType = sourcecode.swift; path = ListViewModel.swift; sourceTree = "<group>"; };
		6AB6E8062A4AB81A00CD98EB /* ProfileViewModel.swift */ = {isa = PBXFileReference; lastKnownFileType = sourcecode.swift; path = ProfileViewModel.swift; sourceTree = "<group>"; };
		6AC2B8132A45719C00972E59 /* Products+CoreDataProperties.swift */ = {isa = PBXFileReference; fileEncoding = 4; lastKnownFileType = sourcecode.swift; path = "Products+CoreDataProperties.swift"; sourceTree = "<group>"; };
		6AC2B8142A45719C00972E59 /* Products+CoreDataClass.swift */ = {isa = PBXFileReference; fileEncoding = 4; lastKnownFileType = sourcecode.swift; path = "Products+CoreDataClass.swift"; sourceTree = "<group>"; };
		6AEFEE9D2A65436E00E74AF7 /* Coordinator.swift */ = {isa = PBXFileReference; lastKnownFileType = sourcecode.swift; path = Coordinator.swift; sourceTree = "<group>"; };
		6AEFEE9F2A6543AB00E74AF7 /* MainCoordinator.swift */ = {isa = PBXFileReference; lastKnownFileType = sourcecode.swift; path = MainCoordinator.swift; sourceTree = "<group>"; };
		6AEFEEA22A65443E00E74AF7 /* FormCoordinator.swift */ = {isa = PBXFileReference; lastKnownFileType = sourcecode.swift; path = FormCoordinator.swift; sourceTree = "<group>"; };
		6AEFEEA42A6544B200E74AF7 /* Coordinator+Extensions.swift */ = {isa = PBXFileReference; lastKnownFileType = sourcecode.swift; path = "Coordinator+Extensions.swift"; sourceTree = "<group>"; };
		6AEFEEA62A65479700E74AF7 /* ListCoordinator.swift */ = {isa = PBXFileReference; lastKnownFileType = sourcecode.swift; path = ListCoordinator.swift; sourceTree = "<group>"; };
		6AEFEEA82A65486200E74AF7 /* ProfileCoordinator.swift */ = {isa = PBXFileReference; lastKnownFileType = sourcecode.swift; path = ProfileCoordinator.swift; sourceTree = "<group>"; };
		A8052D9767E7096E390C4FBC /* Pods_UrlTableView.framework */ = {isa = PBXFileReference; explicitFileType = wrapper.framework; includeInIndex = 0; path = Pods_UrlTableView.framework; sourceTree = BUILT_PRODUCTS_DIR; };
		FA09AA466578DA39AA148349 /* Pods-UrlTableView.debug.xcconfig */ = {isa = PBXFileReference; includeInIndex = 1; lastKnownFileType = text.xcconfig; name = "Pods-UrlTableView.debug.xcconfig"; path = "Target Support Files/Pods-UrlTableView/Pods-UrlTableView.debug.xcconfig"; sourceTree = "<group>"; };
		FA592DCB932B9063F48DC988 /* Pods-UrlTableView.release.xcconfig */ = {isa = PBXFileReference; includeInIndex = 1; lastKnownFileType = text.xcconfig; name = "Pods-UrlTableView.release.xcconfig"; path = "Target Support Files/Pods-UrlTableView/Pods-UrlTableView.release.xcconfig"; sourceTree = "<group>"; };
/* End PBXFileReference section */

/* Begin PBXFrameworksBuildPhase section */
		6A6390D62A26ED250095F6AB /* Frameworks */ = {
			isa = PBXFrameworksBuildPhase;
			buildActionMask = 2147483647;
			files = (
				6A6308692A41703A00005F63 /* KeychainSwift in Frameworks */,
				6A77A1772A42AD84002C2EDB /* Alamofire in Frameworks */,
				4E37D41174ACFFD5F76CA8B5 /* Pods_UrlTableView.framework in Frameworks */,
			);
			runOnlyForDeploymentPostprocessing = 0;
		};
/* End PBXFrameworksBuildPhase section */

/* Begin PBXGroup section */
		6A367AC62A387EE800F73115 /* Form */ = {
			isa = PBXGroup;
			children = (
				6A367ACA2A387F7700F73115 /* FormViewController.swift */,
				6AB6E8022A4AB7FB00CD98EB /* FormViewModel.swift */,
				6A367AC72A387EF000F73115 /* View */,
			);
			path = Form;
			sourceTree = "<group>";
		};
		6A367AC72A387EF000F73115 /* View */ = {
			isa = PBXGroup;
			children = (
				6A367AC82A387F0C00F73115 /* FormView.swift */,
			);
			path = View;
			sourceTree = "<group>";
		};
		6A6390D02A26ED250095F6AB = {
			isa = PBXGroup;
			children = (
				6A6390DB2A26ED260095F6AB /* UrlTableView */,
				6A6390DA2A26ED260095F6AB /* Products */,
				DE163E6CCAA0AAAB4E9B454E /* Pods */,
				FCBC3DCFF0F13A2D40E91A9C /* Frameworks */,
			);
			sourceTree = "<group>";
		};
		6A6390DA2A26ED260095F6AB /* Products */ = {
			isa = PBXGroup;
			children = (
				6A6390D92A26ED260095F6AB /* UrlTableView.app */,
			);
			name = Products;
			sourceTree = "<group>";
		};
		6A6390DB2A26ED260095F6AB /* UrlTableView */ = {
			isa = PBXGroup;
			children = (
				6AEFEE9C2A65435F00E74AF7 /* Coordinator */,
				6A78783C2A4C07EC000673E9 /* CoreDataSupportFiles */,
				6A6391052A26F2D90095F6AB /* Extensions */,
				6A6390EA2A26ED270095F6AB /* Info.plist */,
				6A6391082A2706620095F6AB /* Model */,
				6A6390F22A26EE190095F6AB /* Modules */,
				6A6AB69F2A3C193200395CBD /* Network Layer */,
				6A6390F02A26ED5C0095F6AB /* Resources */,
				6A7878392A4BF8C2000673E9 /* Utility */,
			);
			path = UrlTableView;
			sourceTree = "<group>";
		};
		6A6390F02A26ED5C0095F6AB /* Resources */ = {
			isa = PBXGroup;
			children = (
				6A6390DE2A26ED260095F6AB /* SceneDelegate.swift */,
				6A6390DC2A26ED260095F6AB /* AppDelegate.swift */,
				6A7296292A49A60500F2C01C /* PersistanceStorage.swift */,
				6A6390E52A26ED270095F6AB /* Assets.xcassets */,
				6A6390E72A26ED270095F6AB /* LaunchScreen.storyboard */,
			);
			path = Resources;
			sourceTree = "<group>";
		};
		6A6390F12A26EE0A0095F6AB /* List */ = {
			isa = PBXGroup;
			children = (
				6A6390FF2A26F1150095F6AB /* ListViewController.swift */,
				6AB6E8042A4AB80800CD98EB /* ListViewModel.swift */,
				6A6390F32A26EE3E0095F6AB /* View */,
			);
			path = List;
			sourceTree = "<group>";
		};
		6A6390F22A26EE190095F6AB /* Modules */ = {
			isa = PBXGroup;
			children = (
				6A367AC62A387EE800F73115 /* Form */,
				6A6390F12A26EE0A0095F6AB /* List */,
				6A6390F62A26EE770095F6AB /* Profile */,
			);
			path = Modules;
			sourceTree = "<group>";
		};
		6A6390F32A26EE3E0095F6AB /* View */ = {
			isa = PBXGroup;
			children = (
				6A6391012A26F1310095F6AB /* ListView.swift */,
				6A6390F42A26EE4A0095F6AB /* Cell */,
			);
			path = View;
			sourceTree = "<group>";
		};
		6A6390F42A26EE4A0095F6AB /* Cell */ = {
			isa = PBXGroup;
			children = (
				6A6391032A26F14B0095F6AB /* ListViewCell.swift */,
			);
			path = Cell;
			sourceTree = "<group>";
		};
		6A6390F62A26EE770095F6AB /* Profile */ = {
			isa = PBXGroup;
			children = (
				6A6390FD2A26EFFC0095F6AB /* ProfileViewController.swift */,
				6AB6E8062A4AB81A00CD98EB /* ProfileViewModel.swift */,
				6A6390F72A26EE880095F6AB /* View */,
			);
			path = Profile;
			sourceTree = "<group>";
		};
		6A6390F72A26EE880095F6AB /* View */ = {
			isa = PBXGroup;
			children = (
				6A6390FB2A26EFE00095F6AB /* ProfileView.swift */,
				6A6590ED2A3AC9E90027BDE2 /* Cell */,
			);
			path = View;
			sourceTree = "<group>";
		};
		6A6391052A26F2D90095F6AB /* Extensions */ = {
			isa = PBXGroup;
			children = (
				6A6391062A26F7ED0095F6AB /* String+Extensions.swift */,
				6AEFEEA42A6544B200E74AF7 /* Coordinator+Extensions.swift */,
				6A03610C2A286158008608DD /* TableView+Extensions.swift */,
				6A78783D2A4C3E00000673E9 /* CollectionView+Extensions.swift */,
			);
			path = Extensions;
			sourceTree = "<group>";
		};
		6A6391082A2706620095F6AB /* Model */ = {
			isa = PBXGroup;
			children = (
				6A6391092A2706700095F6AB /* ProductsPost.swift */,
				6A752D352A4469EF006FCA80 /* Product.xcdatamodeld */,
			);
			path = Model;
			sourceTree = "<group>";
		};
		6A6590ED2A3AC9E90027BDE2 /* Cell */ = {
			isa = PBXGroup;
			children = (
				6A6590EE2A3AD2820027BDE2 /* ProfileViewCell.swift */,
			);
			path = Cell;
			sourceTree = "<group>";
		};
		6A6AB69F2A3C193200395CBD /* Network Layer */ = {
			isa = PBXGroup;
			children = (
				6A6AB6A02A3C199200395CBD /* NetworkManager.swift */,
			);
			path = "Network Layer";
			sourceTree = "<group>";
		};
		6A7878392A4BF8C2000673E9 /* Utility */ = {
			isa = PBXGroup;
			children = (
				6A78783A2A4BF90D000673E9 /* Utility.swift */,
			);
			path = Utility;
			sourceTree = "<group>";
		};
		6A78783C2A4C07EC000673E9 /* CoreDataSupportFiles */ = {
			isa = PBXGroup;
			children = (
				6AC2B8142A45719C00972E59 /* Products+CoreDataClass.swift */,
				6AC2B8132A45719C00972E59 /* Products+CoreDataProperties.swift */,
			);
			path = CoreDataSupportFiles;
			sourceTree = "<group>";
		};
		6AEFEE9C2A65435F00E74AF7 /* Coordinator */ = {
			isa = PBXGroup;
			children = (
				6AEFEE9D2A65436E00E74AF7 /* Coordinator.swift */,
				6AEFEE9F2A6543AB00E74AF7 /* MainCoordinator.swift */,
				6AEFEEA12A65442200E74AF7 /* ChildCoordinator */,
			);
			path = Coordinator;
			sourceTree = "<group>";
		};
		6AEFEEA12A65442200E74AF7 /* ChildCoordinator */ = {
			isa = PBXGroup;
			children = (
				6AEFEEA62A65479700E74AF7 /* ListCoordinator.swift */,
				6AEFEEA82A65486200E74AF7 /* ProfileCoordinator.swift */,
				6AEFEEA22A65443E00E74AF7 /* FormCoordinator.swift */,
			);
			path = ChildCoordinator;
			sourceTree = "<group>";
		};
		DE163E6CCAA0AAAB4E9B454E /* Pods */ = {
			isa = PBXGroup;
			children = (
				FA09AA466578DA39AA148349 /* Pods-UrlTableView.debug.xcconfig */,
				FA592DCB932B9063F48DC988 /* Pods-UrlTableView.release.xcconfig */,
			);
			path = Pods;
			sourceTree = "<group>";
		};
		FCBC3DCFF0F13A2D40E91A9C /* Frameworks */ = {
			isa = PBXGroup;
			children = (
				A8052D9767E7096E390C4FBC /* Pods_UrlTableView.framework */,
			);
			name = Frameworks;
			sourceTree = "<group>";
		};
/* End PBXGroup section */

/* Begin PBXNativeTarget section */
		6A6390D82A26ED250095F6AB /* UrlTableView */ = {
			isa = PBXNativeTarget;
			buildConfigurationList = 6A6390ED2A26ED270095F6AB /* Build configuration list for PBXNativeTarget "UrlTableView" */;
			buildPhases = (
				60FE6F76A1794EF5EA41106E /* [CP] Check Pods Manifest.lock */,
				6A6390D52A26ED250095F6AB /* Sources */,
				6A6390D62A26ED250095F6AB /* Frameworks */,
				6A6390D72A26ED250095F6AB /* Resources */,
				0FBDA255106EA3DD88D97531 /* [CP] Embed Pods Frameworks */,
			);
			buildRules = (
			);
			dependencies = (
			);
			name = UrlTableView;
			packageProductDependencies = (
				6A6308682A41703A00005F63 /* KeychainSwift */,
				6A77A1762A42AD84002C2EDB /* Alamofire */,
			);
			productName = DelegateAndMVC;
			productReference = 6A6390D92A26ED260095F6AB /* UrlTableView.app */;
			productType = "com.apple.product-type.application";
		};
/* End PBXNativeTarget section */

/* Begin PBXProject section */
		6A6390D12A26ED250095F6AB /* Project object */ = {
			isa = PBXProject;
			attributes = {
				BuildIndependentTargetsInParallel = 1;
				LastSwiftUpdateCheck = 1420;
				LastUpgradeCheck = 1420;
				TargetAttributes = {
					6A6390D82A26ED250095F6AB = {
						CreatedOnToolsVersion = 14.2;
					};
				};
			};
			buildConfigurationList = 6A6390D42A26ED250095F6AB /* Build configuration list for PBXProject "UrlTableView" */;
			compatibilityVersion = "Xcode 14.0";
			developmentRegion = en;
			hasScannedForEncodings = 0;
			knownRegions = (
				en,
				Base,
			);
			mainGroup = 6A6390D02A26ED250095F6AB;
			packageReferences = (
				6A6308672A41703A00005F63 /* XCRemoteSwiftPackageReference "keychain-swift" */,
				6A77A1752A42AD84002C2EDB /* XCRemoteSwiftPackageReference "Alamofire" */,
			);
			productRefGroup = 6A6390DA2A26ED260095F6AB /* Products */;
			projectDirPath = "";
			projectRoot = "";
			targets = (
				6A6390D82A26ED250095F6AB /* UrlTableView */,
			);
		};
/* End PBXProject section */

/* Begin PBXResourcesBuildPhase section */
		6A6390D72A26ED250095F6AB /* Resources */ = {
			isa = PBXResourcesBuildPhase;
			buildActionMask = 2147483647;
			files = (
				6A6390E92A26ED270095F6AB /* LaunchScreen.storyboard in Resources */,
				6A6390E62A26ED270095F6AB /* Assets.xcassets in Resources */,
			);
			runOnlyForDeploymentPostprocessing = 0;
		};
/* End PBXResourcesBuildPhase section */

/* Begin PBXShellScriptBuildPhase section */
		0FBDA255106EA3DD88D97531 /* [CP] Embed Pods Frameworks */ = {
			isa = PBXShellScriptBuildPhase;
			buildActionMask = 2147483647;
			files = (
			);
			inputFileListPaths = (
				"${PODS_ROOT}/Target Support Files/Pods-UrlTableView/Pods-UrlTableView-frameworks-${CONFIGURATION}-input-files.xcfilelist",
			);
			name = "[CP] Embed Pods Frameworks";
			outputFileListPaths = (
				"${PODS_ROOT}/Target Support Files/Pods-UrlTableView/Pods-UrlTableView-frameworks-${CONFIGURATION}-output-files.xcfilelist",
			);
			runOnlyForDeploymentPostprocessing = 0;
			shellPath = /bin/sh;
			shellScript = "\"${PODS_ROOT}/Target Support Files/Pods-UrlTableView/Pods-UrlTableView-frameworks.sh\"\n";
			showEnvVarsInLog = 0;
		};
		60FE6F76A1794EF5EA41106E /* [CP] Check Pods Manifest.lock */ = {
			isa = PBXShellScriptBuildPhase;
			buildActionMask = 2147483647;
			files = (
			);
			inputFileListPaths = (
			);
			inputPaths = (
				"${PODS_PODFILE_DIR_PATH}/Podfile.lock",
				"${PODS_ROOT}/Manifest.lock",
			);
			name = "[CP] Check Pods Manifest.lock";
			outputFileListPaths = (
			);
			outputPaths = (
				"$(DERIVED_FILE_DIR)/Pods-UrlTableView-checkManifestLockResult.txt",
			);
			runOnlyForDeploymentPostprocessing = 0;
			shellPath = /bin/sh;
			shellScript = "diff \"${PODS_PODFILE_DIR_PATH}/Podfile.lock\" \"${PODS_ROOT}/Manifest.lock\" > /dev/null\nif [ $? != 0 ] ; then\n    # print error to STDERR\n    echo \"error: The sandbox is not in sync with the Podfile.lock. Run 'pod install' or update your CocoaPods installation.\" >&2\n    exit 1\nfi\n# This output is used by Xcode 'outputs' to avoid re-running this script phase.\necho \"SUCCESS\" > \"${SCRIPT_OUTPUT_FILE_0}\"\n";
			showEnvVarsInLog = 0;
		};
/* End PBXShellScriptBuildPhase section */

/* Begin PBXSourcesBuildPhase section */
		6A6390D52A26ED250095F6AB /* Sources */ = {
			isa = PBXSourcesBuildPhase;
			buildActionMask = 2147483647;
			files = (
				6AEFEEA52A6544B200E74AF7 /* Coordinator+Extensions.swift in Sources */,
				6A6391022A26F1310095F6AB /* ListView.swift in Sources */,
				6AC2B8162A45719C00972E59 /* Products+CoreDataClass.swift in Sources */,
				6AC2B8152A45719C00972E59 /* Products+CoreDataProperties.swift in Sources */,
				6A752D372A4469EF006FCA80 /* Product.xcdatamodeld in Sources */,
				6A6390FE2A26EFFC0095F6AB /* ProfileViewController.swift in Sources */,
				6A72962A2A49A60500F2C01C /* PersistanceStorage.swift in Sources */,
				6AB6E8072A4AB81A00CD98EB /* ProfileViewModel.swift in Sources */,
				6AEFEEA92A65486200E74AF7 /* ProfileCoordinator.swift in Sources */,
				6AB6E8032A4AB7FB00CD98EB /* FormViewModel.swift in Sources */,
				6AEFEE9E2A65436E00E74AF7 /* Coordinator.swift in Sources */,
				6A63910A2A2706700095F6AB /* ProductsPost.swift in Sources */,
				6A6390FC2A26EFE00095F6AB /* ProfileView.swift in Sources */,
				6A6390DD2A26ED260095F6AB /* AppDelegate.swift in Sources */,
				6AB6E8052A4AB80800CD98EB /* ListViewModel.swift in Sources */,
				6AEFEEA02A6543AB00E74AF7 /* MainCoordinator.swift in Sources */,
				6A03610D2A286158008608DD /* TableView+Extensions.swift in Sources */,
				6A367ACB2A387F7700F73115 /* FormViewController.swift in Sources */,
				6A6390DF2A26ED260095F6AB /* SceneDelegate.swift in Sources */,
				6A6391072A26F7EE0095F6AB /* String+Extensions.swift in Sources */,
				6A78783E2A4C3E00000673E9 /* CollectionView+Extensions.swift in Sources */,
				6A6590EF2A3AD2820027BDE2 /* ProfileViewCell.swift in Sources */,
				6A6AB6A12A3C199200395CBD /* NetworkManager.swift in Sources */,
				6A6391042A26F14B0095F6AB /* ListViewCell.swift in Sources */,
				6A6391002A26F1150095F6AB /* ListViewController.swift in Sources */,
				6AEFEEA72A65479700E74AF7 /* ListCoordinator.swift in Sources */,
				6A367AC92A387F0C00F73115 /* FormView.swift in Sources */,
				6AEFEEA32A65443E00E74AF7 /* FormCoordinator.swift in Sources */,
				6A78783B2A4BF90D000673E9 /* Utility.swift in Sources */,
			);
			runOnlyForDeploymentPostprocessing = 0;
		};
/* End PBXSourcesBuildPhase section */

/* Begin PBXVariantGroup section */
		6A6390E72A26ED270095F6AB /* LaunchScreen.storyboard */ = {
			isa = PBXVariantGroup;
			children = (
				6A6390E82A26ED270095F6AB /* Base */,
			);
			name = LaunchScreen.storyboard;
			sourceTree = "<group>";
		};
/* End PBXVariantGroup section */

/* Begin XCBuildConfiguration section */
		6A6390EB2A26ED270095F6AB /* Debug */ = {
			isa = XCBuildConfiguration;
			buildSettings = {
				ALWAYS_SEARCH_USER_PATHS = NO;
				CLANG_ANALYZER_NONNULL = YES;
				CLANG_ANALYZER_NUMBER_OBJECT_CONVERSION = YES_AGGRESSIVE;
				CLANG_CXX_LANGUAGE_STANDARD = "gnu++20";
				CLANG_ENABLE_MODULES = YES;
				CLANG_ENABLE_OBJC_ARC = YES;
				CLANG_ENABLE_OBJC_WEAK = YES;
				CLANG_WARN_BLOCK_CAPTURE_AUTORELEASING = YES;
				CLANG_WARN_BOOL_CONVERSION = YES;
				CLANG_WARN_COMMA = YES;
				CLANG_WARN_CONSTANT_CONVERSION = YES;
				CLANG_WARN_DEPRECATED_OBJC_IMPLEMENTATIONS = YES;
				CLANG_WARN_DIRECT_OBJC_ISA_USAGE = YES_ERROR;
				CLANG_WARN_DOCUMENTATION_COMMENTS = YES;
				CLANG_WARN_EMPTY_BODY = YES;
				CLANG_WARN_ENUM_CONVERSION = YES;
				CLANG_WARN_INFINITE_RECURSION = YES;
				CLANG_WARN_INT_CONVERSION = YES;
				CLANG_WARN_NON_LITERAL_NULL_CONVERSION = YES;
				CLANG_WARN_OBJC_IMPLICIT_RETAIN_SELF = YES;
				CLANG_WARN_OBJC_LITERAL_CONVERSION = YES;
				CLANG_WARN_OBJC_ROOT_CLASS = YES_ERROR;
				CLANG_WARN_QUOTED_INCLUDE_IN_FRAMEWORK_HEADER = YES;
				CLANG_WARN_RANGE_LOOP_ANALYSIS = YES;
				CLANG_WARN_STRICT_PROTOTYPES = YES;
				CLANG_WARN_SUSPICIOUS_MOVE = YES;
				CLANG_WARN_UNGUARDED_AVAILABILITY = YES_AGGRESSIVE;
				CLANG_WARN_UNREACHABLE_CODE = YES;
				CLANG_WARN__DUPLICATE_METHOD_MATCH = YES;
				COPY_PHASE_STRIP = NO;
				DEBUG_INFORMATION_FORMAT = dwarf;
				ENABLE_STRICT_OBJC_MSGSEND = YES;
				ENABLE_TESTABILITY = YES;
				GCC_C_LANGUAGE_STANDARD = gnu11;
				GCC_DYNAMIC_NO_PIC = NO;
				GCC_NO_COMMON_BLOCKS = YES;
				GCC_OPTIMIZATION_LEVEL = 0;
				GCC_PREPROCESSOR_DEFINITIONS = (
					"DEBUG=1",
					"$(inherited)",
				);
				GCC_WARN_64_TO_32_BIT_CONVERSION = YES;
				GCC_WARN_ABOUT_RETURN_TYPE = YES_ERROR;
				GCC_WARN_UNDECLARED_SELECTOR = YES;
				GCC_WARN_UNINITIALIZED_AUTOS = YES_AGGRESSIVE;
				GCC_WARN_UNUSED_FUNCTION = YES;
				GCC_WARN_UNUSED_VARIABLE = YES;
				IPHONEOS_DEPLOYMENT_TARGET = 15.0;
				MTL_ENABLE_DEBUG_INFO = INCLUDE_SOURCE;
				MTL_FAST_MATH = YES;
				ONLY_ACTIVE_ARCH = YES;
				SDKROOT = iphoneos;
				SWIFT_ACTIVE_COMPILATION_CONDITIONS = DEBUG;
				SWIFT_OPTIMIZATION_LEVEL = "-Onone";
			};
			name = Debug;
		};
		6A6390EC2A26ED270095F6AB /* Release */ = {
			isa = XCBuildConfiguration;
			buildSettings = {
				ALWAYS_SEARCH_USER_PATHS = NO;
				CLANG_ANALYZER_NONNULL = YES;
				CLANG_ANALYZER_NUMBER_OBJECT_CONVERSION = YES_AGGRESSIVE;
				CLANG_CXX_LANGUAGE_STANDARD = "gnu++20";
				CLANG_ENABLE_MODULES = YES;
				CLANG_ENABLE_OBJC_ARC = YES;
				CLANG_ENABLE_OBJC_WEAK = YES;
				CLANG_WARN_BLOCK_CAPTURE_AUTORELEASING = YES;
				CLANG_WARN_BOOL_CONVERSION = YES;
				CLANG_WARN_COMMA = YES;
				CLANG_WARN_CONSTANT_CONVERSION = YES;
				CLANG_WARN_DEPRECATED_OBJC_IMPLEMENTATIONS = YES;
				CLANG_WARN_DIRECT_OBJC_ISA_USAGE = YES_ERROR;
				CLANG_WARN_DOCUMENTATION_COMMENTS = YES;
				CLANG_WARN_EMPTY_BODY = YES;
				CLANG_WARN_ENUM_CONVERSION = YES;
				CLANG_WARN_INFINITE_RECURSION = YES;
				CLANG_WARN_INT_CONVERSION = YES;
				CLANG_WARN_NON_LITERAL_NULL_CONVERSION = YES;
				CLANG_WARN_OBJC_IMPLICIT_RETAIN_SELF = YES;
				CLANG_WARN_OBJC_LITERAL_CONVERSION = YES;
				CLANG_WARN_OBJC_ROOT_CLASS = YES_ERROR;
				CLANG_WARN_QUOTED_INCLUDE_IN_FRAMEWORK_HEADER = YES;
				CLANG_WARN_RANGE_LOOP_ANALYSIS = YES;
				CLANG_WARN_STRICT_PROTOTYPES = YES;
				CLANG_WARN_SUSPICIOUS_MOVE = YES;
				CLANG_WARN_UNGUARDED_AVAILABILITY = YES_AGGRESSIVE;
				CLANG_WARN_UNREACHABLE_CODE = YES;
				CLANG_WARN__DUPLICATE_METHOD_MATCH = YES;
				COPY_PHASE_STRIP = NO;
				DEBUG_INFORMATION_FORMAT = "dwarf-with-dsym";
				ENABLE_NS_ASSERTIONS = NO;
				ENABLE_STRICT_OBJC_MSGSEND = YES;
				GCC_C_LANGUAGE_STANDARD = gnu11;
				GCC_NO_COMMON_BLOCKS = YES;
				GCC_WARN_64_TO_32_BIT_CONVERSION = YES;
				GCC_WARN_ABOUT_RETURN_TYPE = YES_ERROR;
				GCC_WARN_UNDECLARED_SELECTOR = YES;
				GCC_WARN_UNINITIALIZED_AUTOS = YES_AGGRESSIVE;
				GCC_WARN_UNUSED_FUNCTION = YES;
				GCC_WARN_UNUSED_VARIABLE = YES;
				IPHONEOS_DEPLOYMENT_TARGET = 15.0;
				MTL_ENABLE_DEBUG_INFO = NO;
				MTL_FAST_MATH = YES;
				SDKROOT = iphoneos;
				SWIFT_COMPILATION_MODE = wholemodule;
				SWIFT_OPTIMIZATION_LEVEL = "-O";
				VALIDATE_PRODUCT = YES;
			};
			name = Release;
		};
		6A6390EE2A26ED270095F6AB /* Debug */ = {
			isa = XCBuildConfiguration;
			baseConfigurationReference = FA09AA466578DA39AA148349 /* Pods-UrlTableView.debug.xcconfig */;
			buildSettings = {
				ASSETCATALOG_COMPILER_APPICON_NAME = AppIcon;
				ASSETCATALOG_COMPILER_GLOBAL_ACCENT_COLOR_NAME = AccentColor;
				CODE_SIGN_STYLE = Automatic;
				CURRENT_PROJECT_VERSION = 1;
				GENERATE_INFOPLIST_FILE = YES;
				INFOPLIST_FILE = UrlTableView/Info.plist;
				INFOPLIST_KEY_UIApplicationSupportsIndirectInputEvents = YES;
				INFOPLIST_KEY_UILaunchStoryboardName = LaunchScreen;
				INFOPLIST_KEY_UISupportedInterfaceOrientations_iPad = "UIInterfaceOrientationPortrait UIInterfaceOrientationPortraitUpsideDown UIInterfaceOrientationLandscapeLeft UIInterfaceOrientationLandscapeRight";
				INFOPLIST_KEY_UISupportedInterfaceOrientations_iPhone = "UIInterfaceOrientationPortrait UIInterfaceOrientationLandscapeLeft UIInterfaceOrientationLandscapeRight";
				IPHONEOS_DEPLOYMENT_TARGET = 15.0;
				LD_RUNPATH_SEARCH_PATHS = (
					"$(inherited)",
					"@executable_path/Frameworks",
				);
				MARKETING_VERSION = 1.0;
				PRODUCT_BUNDLE_IDENTIFIER = com.EBPearls.DelegateAndMVC;
				PRODUCT_NAME = "$(TARGET_NAME)";
				SUPPORTED_PLATFORMS = "iphoneos iphonesimulator";
				SUPPORTS_MACCATALYST = NO;
				SUPPORTS_MAC_DESIGNED_FOR_IPHONE_IPAD = NO;
				SWIFT_EMIT_LOC_STRINGS = YES;
				SWIFT_VERSION = 5.0;
				TARGETED_DEVICE_FAMILY = "1,2";
			};
			name = Debug;
		};
		6A6390EF2A26ED270095F6AB /* Release */ = {
			isa = XCBuildConfiguration;
			baseConfigurationReference = FA592DCB932B9063F48DC988 /* Pods-UrlTableView.release.xcconfig */;
			buildSettings = {
				ASSETCATALOG_COMPILER_APPICON_NAME = AppIcon;
				ASSETCATALOG_COMPILER_GLOBAL_ACCENT_COLOR_NAME = AccentColor;
				CODE_SIGN_STYLE = Automatic;
				CURRENT_PROJECT_VERSION = 1;
				GENERATE_INFOPLIST_FILE = YES;
				INFOPLIST_FILE = UrlTableView/Info.plist;
				INFOPLIST_KEY_UIApplicationSupportsIndirectInputEvents = YES;
				INFOPLIST_KEY_UILaunchStoryboardName = LaunchScreen;
				INFOPLIST_KEY_UISupportedInterfaceOrientations_iPad = "UIInterfaceOrientationPortrait UIInterfaceOrientationPortraitUpsideDown UIInterfaceOrientationLandscapeLeft UIInterfaceOrientationLandscapeRight";
				INFOPLIST_KEY_UISupportedInterfaceOrientations_iPhone = "UIInterfaceOrientationPortrait UIInterfaceOrientationLandscapeLeft UIInterfaceOrientationLandscapeRight";
				IPHONEOS_DEPLOYMENT_TARGET = 15.0;
				LD_RUNPATH_SEARCH_PATHS = (
					"$(inherited)",
					"@executable_path/Frameworks",
				);
				MARKETING_VERSION = 1.0;
				PRODUCT_BUNDLE_IDENTIFIER = com.EBPearls.DelegateAndMVC;
				PRODUCT_NAME = "$(TARGET_NAME)";
				SUPPORTED_PLATFORMS = "iphoneos iphonesimulator";
				SUPPORTS_MACCATALYST = NO;
				SUPPORTS_MAC_DESIGNED_FOR_IPHONE_IPAD = NO;
				SWIFT_EMIT_LOC_STRINGS = YES;
				SWIFT_VERSION = 5.0;
				TARGETED_DEVICE_FAMILY = "1,2";
			};
			name = Release;
		};
/* End XCBuildConfiguration section */

/* Begin XCConfigurationList section */
		6A6390D42A26ED250095F6AB /* Build configuration list for PBXProject "UrlTableView" */ = {
			isa = XCConfigurationList;
			buildConfigurations = (
				6A6390EB2A26ED270095F6AB /* Debug */,
				6A6390EC2A26ED270095F6AB /* Release */,
			);
			defaultConfigurationIsVisible = 0;
			defaultConfigurationName = Release;
		};
		6A6390ED2A26ED270095F6AB /* Build configuration list for PBXNativeTarget "UrlTableView" */ = {
			isa = XCConfigurationList;
			buildConfigurations = (
				6A6390EE2A26ED270095F6AB /* Debug */,
				6A6390EF2A26ED270095F6AB /* Release */,
			);
			defaultConfigurationIsVisible = 0;
			defaultConfigurationName = Release;
		};
/* End XCConfigurationList section */

/* Begin XCRemoteSwiftPackageReference section */
		6A6308672A41703A00005F63 /* XCRemoteSwiftPackageReference "keychain-swift" */ = {
			isa = XCRemoteSwiftPackageReference;
			repositoryURL = "https://github.com/evgenyneu/keychain-swift.git";
			requirement = {
				branch = master;
				kind = branch;
			};
		};
		6A77A1752A42AD84002C2EDB /* XCRemoteSwiftPackageReference "Alamofire" */ = {
			isa = XCRemoteSwiftPackageReference;
			repositoryURL = "https://github.com/Alamofire/Alamofire.git";
			requirement = {
				kind = upToNextMajorVersion;
				minimumVersion = 5.0.0;
			};
		};
/* End XCRemoteSwiftPackageReference section */

/* Begin XCSwiftPackageProductDependency section */
		6A6308682A41703A00005F63 /* KeychainSwift */ = {
			isa = XCSwiftPackageProductDependency;
			package = 6A6308672A41703A00005F63 /* XCRemoteSwiftPackageReference "keychain-swift" */;
			productName = KeychainSwift;
		};
		6A77A1762A42AD84002C2EDB /* Alamofire */ = {
			isa = XCSwiftPackageProductDependency;
			package = 6A77A1752A42AD84002C2EDB /* XCRemoteSwiftPackageReference "Alamofire" */;
			productName = Alamofire;
		};
/* End XCSwiftPackageProductDependency section */

/* Begin XCVersionGroup section */
		6A752D352A4469EF006FCA80 /* Product.xcdatamodeld */ = {
			isa = XCVersionGroup;
			children = (
				6A752D362A4469EF006FCA80 /* Product.xcdatamodel */,
			);
			currentVersion = 6A752D362A4469EF006FCA80 /* Product.xcdatamodel */;
			path = Product.xcdatamodeld;
			sourceTree = "<group>";
			versionGroupType = wrapper.xcdatamodel;
		};
/* End XCVersionGroup section */
	};
	rootObject = 6A6390D12A26ED250095F6AB /* Project object */;
}
